// !$*UTF8*$!
{
	archiveVersion = 1;
	classes = {
	};
	objectVersion = 50;
	objects = {

/* Begin PBXBuildFile section */
		379524B7261D416D00628968 /* AppDelegate.swift in Sources */ = {isa = PBXBuildFile; fileRef = 379524B6261D416D00628968 /* AppDelegate.swift */; };
		379524B9261D416D00628968 /* ViewController.swift in Sources */ = {isa = PBXBuildFile; fileRef = 379524B8261D416D00628968 /* ViewController.swift */; };
		379524BB261D416F00628968 /* Assets.xcassets in Resources */ = {isa = PBXBuildFile; fileRef = 379524BA261D416F00628968 /* Assets.xcassets */; };
		379524BE261D416F00628968 /* Main.storyboard in Resources */ = {isa = PBXBuildFile; fileRef = 379524BC261D416F00628968 /* Main.storyboard */; };
		379524CA261D417000628968 /* hdrTests.swift in Sources */ = {isa = PBXBuildFile; fileRef = 379524C9261D417000628968 /* hdrTests.swift */; };
		379524D5261D417000628968 /* hdrUITests.swift in Sources */ = {isa = PBXBuildFile; fileRef = 379524D4261D417000628968 /* hdrUITests.swift */; };
		379524E7261D41CC00628968 /* common.framework in Frameworks */ = {isa = PBXBuildFile; fileRef = 379524E6261D41CC00628968 /* common.framework */; };
		379524E8261D41CC00628968 /* common.framework in Embed Frameworks */ = {isa = PBXBuildFile; fileRef = 379524E6261D41CC00628968 /* common.framework */; settings = {ATTRIBUTES = (CodeSignOnCopy, RemoveHeadersOnCopy, ); }; };
		379524EC261D41D500628968 /* Metal.framework in Frameworks */ = {isa = PBXBuildFile; fileRef = 379524EA261D41D500628968 /* Metal.framework */; };
		379524ED261D41D500628968 /* MetalKit.framework in Frameworks */ = {isa = PBXBuildFile; fileRef = 379524EB261D41D500628968 /* MetalKit.framework */; };
		379524FB261D429600628968 /* shader.metal in Sources */ = {isa = PBXBuildFile; fileRef = 379524FA261D429600628968 /* shader.metal */; };
		379524FF261D4EF100628968 /* Renderer.swift in Sources */ = {isa = PBXBuildFile; fileRef = 379524FE261D4EF100628968 /* Renderer.swift */; };
/* End PBXBuildFile section */

/* Begin PBXContainerItemProxy section */
		379524C6261D417000628968 /* PBXContainerItemProxy */ = {
			isa = PBXContainerItemProxy;
			containerPortal = 379524AB261D416D00628968 /* Project object */;
			proxyType = 1;
			remoteGlobalIDString = 379524B2261D416D00628968;
			remoteInfo = hdr;
		};
		379524D1261D417000628968 /* PBXContainerItemProxy */ = {
			isa = PBXContainerItemProxy;
			containerPortal = 379524AB261D416D00628968 /* Project object */;
			proxyType = 1;
			remoteGlobalIDString = 379524B2261D416D00628968;
			remoteInfo = hdr;
		};
/* End PBXContainerItemProxy section */

/* Begin PBXCopyFilesBuildPhase section */
		379524E9261D41CD00628968 /* Embed Frameworks */ = {
			isa = PBXCopyFilesBuildPhase;
			buildActionMask = 2147483647;
			dstPath = "";
			dstSubfolderSpec = 10;
			files = (
				379524E8261D41CC00628968 /* common.framework in Embed Frameworks */,
			);
			name = "Embed Frameworks";
			runOnlyForDeploymentPostprocessing = 0;
		};
/* End PBXCopyFilesBuildPhase section */

/* Begin PBXFileReference section */
		379524B3261D416D00628968 /* 5.7.hdr.app */ = {isa = PBXFileReference; explicitFileType = wrapper.application; includeInIndex = 0; path = 5.7.hdr.app; sourceTree = BUILT_PRODUCTS_DIR; };
		379524B6261D416D00628968 /* AppDelegate.swift */ = {isa = PBXFileReference; lastKnownFileType = sourcecode.swift; path = AppDelegate.swift; sourceTree = "<group>"; };
		379524B8261D416D00628968 /* ViewController.swift */ = {isa = PBXFileReference; lastKnownFileType = sourcecode.swift; path = ViewController.swift; sourceTree = "<group>"; };
		379524BA261D416F00628968 /* Assets.xcassets */ = {isa = PBXFileReference; lastKnownFileType = folder.assetcatalog; path = Assets.xcassets; sourceTree = "<group>"; };
		379524BD261D416F00628968 /* Base */ = {isa = PBXFileReference; lastKnownFileType = file.storyboard; name = Base; path = Base.lproj/Main.storyboard; sourceTree = "<group>"; };
		379524BF261D416F00628968 /* Info.plist */ = {isa = PBXFileReference; lastKnownFileType = text.plist.xml; path = Info.plist; sourceTree = "<group>"; };
		379524C0261D416F00628968 /* hdr.entitlements */ = {isa = PBXFileReference; lastKnownFileType = text.plist.entitlements; path = hdr.entitlements; sourceTree = "<group>"; };
		379524C5261D417000628968 /* hdrTests.xctest */ = {isa = PBXFileReference; explicitFileType = wrapper.cfbundle; includeInIndex = 0; path = hdrTests.xctest; sourceTree = BUILT_PRODUCTS_DIR; };
		379524C9261D417000628968 /* hdrTests.swift */ = {isa = PBXFileReference; lastKnownFileType = sourcecode.swift; path = hdrTests.swift; sourceTree = "<group>"; };
		379524CB261D417000628968 /* Info.plist */ = {isa = PBXFileReference; lastKnownFileType = text.plist.xml; path = Info.plist; sourceTree = "<group>"; };
		379524D0261D417000628968 /* hdrUITests.xctest */ = {isa = PBXFileReference; explicitFileType = wrapper.cfbundle; includeInIndex = 0; path = hdrUITests.xctest; sourceTree = BUILT_PRODUCTS_DIR; };
		379524D4261D417000628968 /* hdrUITests.swift */ = {isa = PBXFileReference; lastKnownFileType = sourcecode.swift; path = hdrUITests.swift; sourceTree = "<group>"; };
		379524D6261D417000628968 /* Info.plist */ = {isa = PBXFileReference; lastKnownFileType = text.plist.xml; path = Info.plist; sourceTree = "<group>"; };
		379524E6261D41CC00628968 /* common.framework */ = {isa = PBXFileReference; explicitFileType = wrapper.framework; path = common.framework; sourceTree = BUILT_PRODUCTS_DIR; };
		379524EA261D41D500628968 /* Metal.framework */ = {isa = PBXFileReference; lastKnownFileType = wrapper.framework; name = Metal.framework; path = System/Library/Frameworks/Metal.framework; sourceTree = SDKROOT; };
		379524EB261D41D500628968 /* MetalKit.framework */ = {isa = PBXFileReference; lastKnownFileType = wrapper.framework; name = MetalKit.framework; path = System/Library/Frameworks/MetalKit.framework; sourceTree = SDKROOT; };
		379524F0261D420D00628968 /* ShaderType.h */ = {isa = PBXFileReference; lastKnownFileType = sourcecode.c.h; path = ShaderType.h; sourceTree = "<group>"; };
		379524F3261D424400628968 /* hdr-Bridging-Header.h */ = {isa = PBXFileReference; lastKnownFileType = sourcecode.c.h; path = "hdr-Bridging-Header.h"; sourceTree = "<group>"; };
		379524FA261D429600628968 /* shader.metal */ = {isa = PBXFileReference; lastKnownFileType = sourcecode.metal; path = shader.metal; sourceTree = "<group>"; };
		379524FE261D4EF100628968 /* Renderer.swift */ = {isa = PBXFileReference; lastKnownFileType = sourcecode.swift; path = Renderer.swift; sourceTree = "<group>"; };
/* End PBXFileReference section */

/* Begin PBXFrameworksBuildPhase section */
		379524B0261D416D00628968 /* Frameworks */ = {
			isa = PBXFrameworksBuildPhase;
			buildActionMask = 2147483647;
			files = (
				379524ED261D41D500628968 /* MetalKit.framework in Frameworks */,
				379524EC261D41D500628968 /* Metal.framework in Frameworks */,
				379524E7261D41CC00628968 /* common.framework in Frameworks */,
			);
			runOnlyForDeploymentPostprocessing = 0;
		};
		379524C2261D417000628968 /* Frameworks */ = {
			isa = PBXFrameworksBuildPhase;
			buildActionMask = 2147483647;
			files = (
			);
			runOnlyForDeploymentPostprocessing = 0;
		};
		379524CD261D417000628968 /* Frameworks */ = {
			isa = PBXFrameworksBuildPhase;
			buildActionMask = 2147483647;
			files = (
			);
			runOnlyForDeploymentPostprocessing = 0;
		};
/* End PBXFrameworksBuildPhase section */

/* Begin PBXGroup section */
		379524AA261D416D00628968 = {
			isa = PBXGroup;
			children = (
				379524B5261D416D00628968 /* hdr */,
				379524C8261D417000628968 /* hdrTests */,
				379524D3261D417000628968 /* hdrUITests */,
				379524B4261D416D00628968 /* Products */,
				379524E5261D41CC00628968 /* Frameworks */,
			);
			sourceTree = "<group>";
		};
		379524B4261D416D00628968 /* Products */ = {
			isa = PBXGroup;
			children = (
				379524B3261D416D00628968 /* 5.7.hdr.app */,
				379524C5261D417000628968 /* hdrTests.xctest */,
				379524D0261D417000628968 /* hdrUITests.xctest */,
			);
			name = Products;
			sourceTree = "<group>";
		};
		379524B5261D416D00628968 /* hdr */ = {
			isa = PBXGroup;
			children = (
				379524B6261D416D00628968 /* AppDelegate.swift */,
				379524B8261D416D00628968 /* ViewController.swift */,
				379524BA261D416F00628968 /* Assets.xcassets */,
				379524BC261D416F00628968 /* Main.storyboard */,
				379524BF261D416F00628968 /* Info.plist */,
				379524C0261D416F00628968 /* hdr.entitlements */,
				379524F0261D420D00628968 /* ShaderType.h */,
				379524F3261D424400628968 /* hdr-Bridging-Header.h */,
				379524FA261D429600628968 /* shader.metal */,
				379524FE261D4EF100628968 /* Renderer.swift */,
			);
			path = hdr;
			sourceTree = "<group>";
		};
		379524C8261D417000628968 /* hdrTests */ = {
			isa = PBXGroup;
			children = (
				379524C9261D417000628968 /* hdrTests.swift */,
				379524CB261D417000628968 /* Info.plist */,
			);
			path = hdrTests;
			sourceTree = "<group>";
		};
		379524D3261D417000628968 /* hdrUITests */ = {
			isa = PBXGroup;
			children = (
				379524D4261D417000628968 /* hdrUITests.swift */,
				379524D6261D417000628968 /* Info.plist */,
			);
			path = hdrUITests;
			sourceTree = "<group>";
		};
		379524E5261D41CC00628968 /* Frameworks */ = {
			isa = PBXGroup;
			children = (
				379524EA261D41D500628968 /* Metal.framework */,
				379524EB261D41D500628968 /* MetalKit.framework */,
				379524E6261D41CC00628968 /* common.framework */,
			);
			name = Frameworks;
			sourceTree = "<group>";
		};
/* End PBXGroup section */

/* Begin PBXNativeTarget section */
		379524B2261D416D00628968 /* 5.7.hdr */ = {
			isa = PBXNativeTarget;
			buildConfigurationList = 379524D9261D417000628968 /* Build configuration list for PBXNativeTarget "5.7.hdr" */;
			buildPhases = (
				379524AF261D416D00628968 /* Sources */,
				379524B0261D416D00628968 /* Frameworks */,
				379524B1261D416D00628968 /* Resources */,
				379524E9261D41CD00628968 /* Embed Frameworks */,
			);
			buildRules = (
			);
			dependencies = (
			);
			name = 5.7.hdr;
			productName = hdr;
			productReference = 379524B3261D416D00628968 /* 5.7.hdr.app */;
			productType = "com.apple.product-type.application";
		};
		379524C4261D417000628968 /* hdrTests */ = {
			isa = PBXNativeTarget;
			buildConfigurationList = 379524DC261D417000628968 /* Build configuration list for PBXNativeTarget "hdrTests" */;
			buildPhases = (
				379524C1261D417000628968 /* Sources */,
				379524C2261D417000628968 /* Frameworks */,
				379524C3261D417000628968 /* Resources */,
			);
			buildRules = (
			);
			dependencies = (
				379524C7261D417000628968 /* PBXTargetDependency */,
			);
			name = hdrTests;
			productName = hdrTests;
			productReference = 379524C5261D417000628968 /* hdrTests.xctest */;
			productType = "com.apple.product-type.bundle.unit-test";
		};
		379524CF261D417000628968 /* hdrUITests */ = {
			isa = PBXNativeTarget;
			buildConfigurationList = 379524DF261D417000628968 /* Build configuration list for PBXNativeTarget "hdrUITests" */;
			buildPhases = (
				379524CC261D417000628968 /* Sources */,
				379524CD261D417000628968 /* Frameworks */,
				379524CE261D417000628968 /* Resources */,
			);
			buildRules = (
			);
			dependencies = (
				379524D2261D417000628968 /* PBXTargetDependency */,
			);
			name = hdrUITests;
			productName = hdrUITests;
			productReference = 379524D0261D417000628968 /* hdrUITests.xctest */;
			productType = "com.apple.product-type.bundle.ui-testing";
		};
/* End PBXNativeTarget section */

/* Begin PBXProject section */
		379524AB261D416D00628968 /* Project object */ = {
			isa = PBXProject;
			attributes = {
				LastSwiftUpdateCheck = 1240;
				LastUpgradeCheck = 1240;
				TargetAttributes = {
					379524B2261D416D00628968 = {
						CreatedOnToolsVersion = 12.4;
						LastSwiftMigration = 1240;
					};
					379524C4261D417000628968 = {
						CreatedOnToolsVersion = 12.4;
						TestTargetID = 379524B2261D416D00628968;
					};
					379524CF261D417000628968 = {
						CreatedOnToolsVersion = 12.4;
						TestTargetID = 379524B2261D416D00628968;
					};
				};
			};
			buildConfigurationList = 379524AE261D416D00628968 /* Build configuration list for PBXProject "5.7.hdr" */;
			compatibilityVersion = "Xcode 9.3";
			developmentRegion = en;
			hasScannedForEncodings = 0;
			knownRegions = (
				en,
				Base,
			);
			mainGroup = 379524AA261D416D00628968;
			productRefGroup = 379524B4261D416D00628968 /* Products */;
			projectDirPath = "";
			projectRoot = "";
			targets = (
				379524B2261D416D00628968 /* 5.7.hdr */,
				379524C4261D417000628968 /* hdrTests */,
				379524CF261D417000628968 /* hdrUITests */,
			);
		};
/* End PBXProject section */

/* Begin PBXResourcesBuildPhase section */
		379524B1261D416D00628968 /* Resources */ = {
			isa = PBXResourcesBuildPhase;
			buildActionMask = 2147483647;
			files = (
				379524BB261D416F00628968 /* Assets.xcassets in Resources */,
				379524BE261D416F00628968 /* Main.storyboard in Resources */,
			);
			runOnlyForDeploymentPostprocessing = 0;
		};
		379524C3261D417000628968 /* Resources */ = {
			isa = PBXResourcesBuildPhase;
			buildActionMask = 2147483647;
			files = (
			);
			runOnlyForDeploymentPostprocessing = 0;
		};
		379524CE261D417000628968 /* Resources */ = {
			isa = PBXResourcesBuildPhase;
			buildActionMask = 2147483647;
			files = (
			);
			runOnlyForDeploymentPostprocessing = 0;
		};
/* End PBXResourcesBuildPhase section */

/* Begin PBXSourcesBuildPhase section */
		379524AF261D416D00628968 /* Sources */ = {
			isa = PBXSourcesBuildPhase;
			buildActionMask = 2147483647;
			files = (
				379524FF261D4EF100628968 /* Renderer.swift in Sources */,
				379524B9261D416D00628968 /* ViewController.swift in Sources */,
				379524FB261D429600628968 /* shader.metal in Sources */,
				379524B7261D416D00628968 /* AppDelegate.swift in Sources */,
			);
			runOnlyForDeploymentPostprocessing = 0;
		};
		379524C1261D417000628968 /* Sources */ = {
			isa = PBXSourcesBuildPhase;
			buildActionMask = 2147483647;
			files = (
				379524CA261D417000628968 /* hdrTests.swift in Sources */,
			);
			runOnlyForDeploymentPostprocessing = 0;
		};
		379524CC261D417000628968 /* Sources */ = {
			isa = PBXSourcesBuildPhase;
			buildActionMask = 2147483647;
			files = (
				379524D5261D417000628968 /* hdrUITests.swift in Sources */,
			);
			runOnlyForDeploymentPostprocessing = 0;
		};
/* End PBXSourcesBuildPhase section */

/* Begin PBXTargetDependency section */
		379524C7261D417000628968 /* PBXTargetDependency */ = {
			isa = PBXTargetDependency;
			target = 379524B2261D416D00628968 /* 5.7.hdr */;
			targetProxy = 379524C6261D417000628968 /* PBXContainerItemProxy */;
		};
		379524D2261D417000628968 /* PBXTargetDependency */ = {
			isa = PBXTargetDependency;
			target = 379524B2261D416D00628968 /* 5.7.hdr */;
			targetProxy = 379524D1261D417000628968 /* PBXContainerItemProxy */;
		};
/* End PBXTargetDependency section */

/* Begin PBXVariantGroup section */
		379524BC261D416F00628968 /* Main.storyboard */ = {
			isa = PBXVariantGroup;
			children = (
				379524BD261D416F00628968 /* Base */,
			);
			name = Main.storyboard;
			sourceTree = "<group>";
		};
/* End PBXVariantGroup section */

/* Begin XCBuildConfiguration section */
		379524D7261D417000628968 /* Debug */ = {
			isa = XCBuildConfiguration;
			buildSettings = {
				ALWAYS_SEARCH_USER_PATHS = NO;
				CLANG_ANALYZER_NONNULL = YES;
				CLANG_ANALYZER_NUMBER_OBJECT_CONVERSION = YES_AGGRESSIVE;
				CLANG_CXX_LANGUAGE_STANDARD = "gnu++14";
				CLANG_CXX_LIBRARY = "libc++";
				CLANG_ENABLE_MODULES = YES;
				CLANG_ENABLE_OBJC_ARC = YES;
				CLANG_ENABLE_OBJC_WEAK = YES;
				CLANG_WARN_BLOCK_CAPTURE_AUTORELEASING = YES;
				CLANG_WARN_BOOL_CONVERSION = YES;
				CLANG_WARN_COMMA = YES;
				CLANG_WARN_CONSTANT_CONVERSION = YES;
				CLANG_WARN_DEPRECATED_OBJC_IMPLEMENTATIONS = YES;
				CLANG_WARN_DIRECT_OBJC_ISA_USAGE = YES_ERROR;
				CLANG_WARN_DOCUMENTATION_COMMENTS = YES;
				CLANG_WARN_EMPTY_BODY = YES;
				CLANG_WARN_ENUM_CONVERSION = YES;
				CLANG_WARN_INFINITE_RECURSION = YES;
				CLANG_WARN_INT_CONVERSION = YES;
				CLANG_WARN_NON_LITERAL_NULL_CONVERSION = YES;
				CLANG_WARN_OBJC_IMPLICIT_RETAIN_SELF = YES;
				CLANG_WARN_OBJC_LITERAL_CONVERSION = YES;
				CLANG_WARN_OBJC_ROOT_CLASS = YES_ERROR;
				CLANG_WARN_QUOTED_INCLUDE_IN_FRAMEWORK_HEADER = YES;
				CLANG_WARN_RANGE_LOOP_ANALYSIS = YES;
				CLANG_WARN_STRICT_PROTOTYPES = YES;
				CLANG_WARN_SUSPICIOUS_MOVE = YES;
				CLANG_WARN_UNGUARDED_AVAILABILITY = YES_AGGRESSIVE;
				CLANG_WARN_UNREACHABLE_CODE = YES;
				CLANG_WARN__DUPLICATE_METHOD_MATCH = YES;
				COPY_PHASE_STRIP = NO;
				DEBUG_INFORMATION_FORMAT = dwarf;
				ENABLE_STRICT_OBJC_MSGSEND = YES;
				ENABLE_TESTABILITY = YES;
				GCC_C_LANGUAGE_STANDARD = gnu11;
				GCC_DYNAMIC_NO_PIC = NO;
				GCC_NO_COMMON_BLOCKS = YES;
				GCC_OPTIMIZATION_LEVEL = 0;
				GCC_PREPROCESSOR_DEFINITIONS = (
					"DEBUG=1",
					"$(inherited)",
				);
				GCC_WARN_64_TO_32_BIT_CONVERSION = YES;
				GCC_WARN_ABOUT_RETURN_TYPE = YES_ERROR;
				GCC_WARN_UNDECLARED_SELECTOR = YES;
				GCC_WARN_UNINITIALIZED_AUTOS = YES_AGGRESSIVE;
				GCC_WARN_UNUSED_FUNCTION = YES;
				GCC_WARN_UNUSED_VARIABLE = YES;
				MACOSX_DEPLOYMENT_TARGET = 11.1;
				MTL_ENABLE_DEBUG_INFO = INCLUDE_SOURCE;
				MTL_FAST_MATH = YES;
				ONLY_ACTIVE_ARCH = YES;
				SDKROOT = macosx;
				SWIFT_ACTIVE_COMPILATION_CONDITIONS = DEBUG;
				SWIFT_OPTIMIZATION_LEVEL = "-Onone";
			};
			name = Debug;
		};
		379524D8261D417000628968 /* Release */ = {
			isa = XCBuildConfiguration;
			buildSettings = {
				ALWAYS_SEARCH_USER_PATHS = NO;
				CLANG_ANALYZER_NONNULL = YES;
				CLANG_ANALYZER_NUMBER_OBJECT_CONVERSION = YES_AGGRESSIVE;
				CLANG_CXX_LANGUAGE_STANDARD = "gnu++14";
				CLANG_CXX_LIBRARY = "libc++";
				CLANG_ENABLE_MODULES = YES;
				CLANG_ENABLE_OBJC_ARC = YES;
				CLANG_ENABLE_OBJC_WEAK = YES;
				CLANG_WARN_BLOCK_CAPTURE_AUTORELEASING = YES;
				CLANG_WARN_BOOL_CONVERSION = YES;
				CLANG_WARN_COMMA = YES;
				CLANG_WARN_CONSTANT_CONVERSION = YES;
				CLANG_WARN_DEPRECATED_OBJC_IMPLEMENTATIONS = YES;
				CLANG_WARN_DIRECT_OBJC_ISA_USAGE = YES_ERROR;
				CLANG_WARN_DOCUMENTATION_COMMENTS = YES;
				CLANG_WARN_EMPTY_BODY = YES;
				CLANG_WARN_ENUM_CONVERSION = YES;
				CLANG_WARN_INFINITE_RECURSION = YES;
				CLANG_WARN_INT_CONVERSION = YES;
				CLANG_WARN_NON_LITERAL_NULL_CONVERSION = YES;
				CLANG_WARN_OBJC_IMPLICIT_RETAIN_SELF = YES;
				CLANG_WARN_OBJC_LITERAL_CONVERSION = YES;
				CLANG_WARN_OBJC_ROOT_CLASS = YES_ERROR;
				CLANG_WARN_QUOTED_INCLUDE_IN_FRAMEWORK_HEADER = YES;
				CLANG_WARN_RANGE_LOOP_ANALYSIS = YES;
				CLANG_WARN_STRICT_PROTOTYPES = YES;
				CLANG_WARN_SUSPICIOUS_MOVE = YES;
				CLANG_WARN_UNGUARDED_AVAILABILITY = YES_AGGRESSIVE;
				CLANG_WARN_UNREACHABLE_CODE = YES;
				CLANG_WARN__DUPLICATE_METHOD_MATCH = YES;
				COPY_PHASE_STRIP = NO;
				DEBUG_INFORMATION_FORMAT = "dwarf-with-dsym";
				ENABLE_NS_ASSERTIONS = NO;
				ENABLE_STRICT_OBJC_MSGSEND = YES;
				GCC_C_LANGUAGE_STANDARD = gnu11;
				GCC_NO_COMMON_BLOCKS = YES;
				GCC_WARN_64_TO_32_BIT_CONVERSION = YES;
				GCC_WARN_ABOUT_RETURN_TYPE = YES_ERROR;
				GCC_WARN_UNDECLARED_SELECTOR = YES;
				GCC_WARN_UNINITIALIZED_AUTOS = YES_AGGRESSIVE;
				GCC_WARN_UNUSED_FUNCTION = YES;
				GCC_WARN_UNUSED_VARIABLE = YES;
				MACOSX_DEPLOYMENT_TARGET = 11.1;
				MTL_ENABLE_DEBUG_INFO = NO;
				MTL_FAST_MATH = YES;
				SDKROOT = macosx;
				SWIFT_COMPILATION_MODE = wholemodule;
				SWIFT_OPTIMIZATION_LEVEL = "-O";
			};
			name = Release;
		};
		379524DA261D417000628968 /* Debug */ = {
			isa = XCBuildConfiguration;
			buildSettings = {
				ASSETCATALOG_COMPILER_APPICON_NAME = AppIcon;
				ASSETCATALOG_COMPILER_GLOBAL_ACCENT_COLOR_NAME = AccentColor;
				CLANG_ENABLE_MODULES = YES;
				CODE_SIGN_ENTITLEMENTS = hdr/hdr.entitlements;
				CODE_SIGN_STYLE = Automatic;
				COMBINE_HIDPI_IMAGES = YES;
				DEVELOPMENT_TEAM = 4X75RZ9C85;
				ENABLE_HARDENED_RUNTIME = YES;
				INFOPLIST_FILE = hdr/Info.plist;
				LD_RUNPATH_SEARCH_PATHS = (
					"$(inherited)",
					"@executable_path/../Frameworks",
				);
				PRODUCT_BUNDLE_IDENTIFIER = io.github.suzp1984.hdr;
				PRODUCT_NAME = "$(TARGET_NAME)";
				SWIFT_OBJC_BRIDGING_HEADER = "hdr/hdr-Bridging-Header.h";
				SWIFT_OPTIMIZATION_LEVEL = "-Onone";
				SWIFT_VERSION = 5.0;
			};
			name = Debug;
		};
		379524DB261D417000628968 /* Release */ = {
			isa = XCBuildConfiguration;
			buildSettings = {
				ASSETCATALOG_COMPILER_APPICON_NAME = AppIcon;
				ASSETCATALOG_COMPILER_GLOBAL_ACCENT_COLOR_NAME = AccentColor;
				CLANG_ENABLE_MODULES = YES;
				CODE_SIGN_ENTITLEMENTS = hdr/hdr.entitlements;
				CODE_SIGN_STYLE = Automatic;
				COMBINE_HIDPI_IMAGES = YES;
				DEVELOPMENT_TEAM = 4X75RZ9C85;
				ENABLE_HARDENED_RUNTIME = YES;
				INFOPLIST_FILE = hdr/Info.plist;
				LD_RUNPATH_SEARCH_PATHS = (
					"$(inherited)",
					"@executable_path/../Frameworks",
				);
				PRODUCT_BUNDLE_IDENTIFIER = io.github.suzp1984.hdr;
				PRODUCT_NAME = "$(TARGET_NAME)";
				SWIFT_OBJC_BRIDGING_HEADER = "hdr/hdr-Bridging-Header.h";
				SWIFT_VERSION = 5.0;
			};
			name = Release;
		};
		379524DD261D417000628968 /* Debug */ = {
			isa = XCBuildConfiguration;
			buildSettings = {
				ALWAYS_EMBED_SWIFT_STANDARD_LIBRARIES = YES;
				BUNDLE_LOADER = "$(TEST_HOST)";
				CODE_SIGN_STYLE = Automatic;
				COMBINE_HIDPI_IMAGES = YES;
				DEVELOPMENT_TEAM = 4X75RZ9C85;
				INFOPLIST_FILE = hdrTests/Info.plist;
				LD_RUNPATH_SEARCH_PATHS = (
					"$(inherited)",
					"@executable_path/../Frameworks",
					"@loader_path/../Frameworks",
				);
				MACOSX_DEPLOYMENT_TARGET = 11.1;
				PRODUCT_BUNDLE_IDENTIFIER = io.github.suzp1984.hdrTests;
				PRODUCT_NAME = "$(TARGET_NAME)";
				SWIFT_VERSION = 5.0;
				TEST_HOST = "$(BUILT_PRODUCTS_DIR)/hdr.app/Contents/MacOS/hdr";
			};
			name = Debug;
		};
		379524DE261D417000628968 /* Release */ = {
			isa = XCBuildConfiguration;
			buildSettings = {
				ALWAYS_EMBED_SWIFT_STANDARD_LIBRARIES = YES;
				BUNDLE_LOADER = "$(TEST_HOST)";
				CODE_SIGN_STYLE = Automatic;
				COMBINE_HIDPI_IMAGES = YES;
				DEVELOPMENT_TEAM = 4X75RZ9C85;
				INFOPLIST_FILE = hdrTests/Info.plist;
				LD_RUNPATH_SEARCH_PATHS = (
					"$(inherited)",
					"@executable_path/../Frameworks",
					"@loader_path/../Frameworks",
				);
				MACOSX_DEPLOYMENT_TARGET = 11.1;
				PRODUCT_BUNDLE_IDENTIFIER = io.github.suzp1984.hdrTests;
				PRODUCT_NAME = "$(TARGET_NAME)";
				SWIFT_VERSION = 5.0;
				TEST_HOST = "$(BUILT_PRODUCTS_DIR)/hdr.app/Contents/MacOS/hdr";
			};
			name = Release;
		};
		379524E0261D417000628968 /* Debug */ = {
			isa = XCBuildConfiguration;
			buildSettings = {
				ALWAYS_EMBED_SWIFT_STANDARD_LIBRARIES = YES;
				CODE_SIGN_STYLE = Automatic;
				COMBINE_HIDPI_IMAGES = YES;
				DEVELOPMENT_TEAM = 4X75RZ9C85;
				INFOPLIST_FILE = hdrUITests/Info.plist;
				LD_RUNPATH_SEARCH_PATHS = (
					"$(inherited)",
					"@executable_path/../Frameworks",
					"@loader_path/../Frameworks",
				);
				PRODUCT_BUNDLE_IDENTIFIER = io.github.suzp1984.hdrUITests;
				PRODUCT_NAME = "$(TARGET_NAME)";
				SWIFT_VERSION = 5.0;
				TEST_TARGET_NAME = hdr;
			};
			name = Debug;
		};
		379524E1261D417000628968 /* Release */ = {
			isa = XCBuildConfiguration;
			buildSettings = {
				ALWAYS_EMBED_SWIFT_STANDARD_LIBRARIES = YES;
				CODE_SIGN_STYLE = Automatic;
				COMBINE_HIDPI_IMAGES = YES;
				DEVELOPMENT_TEAM = 4X75RZ9C85;
				INFOPLIST_FILE = hdrUITests/Info.plist;
				LD_RUNPATH_SEARCH_PATHS = (
					"$(inherited)",
					"@executable_path/../Frameworks",
					"@loader_path/../Frameworks",
				);
				PRODUCT_BUNDLE_IDENTIFIER = io.github.suzp1984.hdrUITests;
				PRODUCT_NAME = "$(TARGET_NAME)";
				SWIFT_VERSION = 5.0;
				TEST_TARGET_NAME = hdr;
			};
			name = Release;
		};
/* End XCBuildConfiguration section */

/* Begin XCConfigurationList section */
		379524AE261D416D00628968 /* Build configuration list for PBXProject "5.7.hdr" */ = {
			isa = XCConfigurationList;
			buildConfigurations = (
				379524D7261D417000628968 /* Debug */,
				379524D8261D417000628968 /* Release */,
			);
			defaultConfigurationIsVisible = 0;
			defaultConfigurationName = Release;
		};
		379524D9261D417000628968 /* Build configuration list for PBXNativeTarget "5.7.hdr" */ = {
			isa = XCConfigurationList;
			buildConfigurations = (
				379524DA261D417000628968 /* Debug */,
				379524DB261D417000628968 /* Release */,
			);
			defaultConfigurationIsVisible = 0;
			defaultConfigurationName = Release;
		};
		379524DC261D417000628968 /* Build configuration list for PBXNativeTarget "hdrTests" */ = {
			isa = XCConfigurationList;
			buildConfigurations = (
				379524DD261D417000628968 /* Debug */,
				379524DE261D417000628968 /* Release */,
			);
			defaultConfigurationIsVisible = 0;
			defaultConfigurationName = Release;
		};
		379524DF261D417000628968 /* Build configuration list for PBXNativeTarget "hdrUITests" */ = {
			isa = XCConfigurationList;
			buildConfigurations = (
				379524E0261D417000628968 /* Debug */,
				379524E1261D417000628968 /* Release */,
			);
			defaultConfigurationIsVisible = 0;
			defaultConfigurationName = Release;
		};
/* End XCConfigurationList section */
	};
	rootObject = 379524AB261D416D00628968 /* Project object */;
}
