// !$*UTF8*$!
{
	archiveVersion = 1;
	classes = {
	};
	objectVersion = 50;
	objects = {

/* Begin PBXBuildFile section */
		376F8E7F25F7474800C3B287 /* AppDelegate.swift in Sources */ = {isa = PBXBuildFile; fileRef = 376F8E7E25F7474800C3B287 /* AppDelegate.swift */; };
		376F8E8125F7474800C3B287 /* ViewController.swift in Sources */ = {isa = PBXBuildFile; fileRef = 376F8E8025F7474800C3B287 /* ViewController.swift */; };
		376F8E8325F7474A00C3B287 /* Assets.xcassets in Resources */ = {isa = PBXBuildFile; fileRef = 376F8E8225F7474A00C3B287 /* Assets.xcassets */; };
		376F8E8625F7474A00C3B287 /* Main.storyboard in Resources */ = {isa = PBXBuildFile; fileRef = 376F8E8425F7474A00C3B287 /* Main.storyboard */; };
		376F8E9225F7474A00C3B287 /* SpecularLightingTests.swift in Sources */ = {isa = PBXBuildFile; fileRef = 376F8E9125F7474A00C3B287 /* SpecularLightingTests.swift */; };
		376F8E9D25F7474A00C3B287 /* SpecularLightingUITests.swift in Sources */ = {isa = PBXBuildFile; fileRef = 376F8E9C25F7474A00C3B287 /* SpecularLightingUITests.swift */; };
		376F8EAF25F7478F00C3B287 /* Metal.framework in Frameworks */ = {isa = PBXBuildFile; fileRef = 376F8EAE25F7478F00C3B287 /* Metal.framework */; };
		376F8EB125F7479600C3B287 /* MetalKit.framework in Frameworks */ = {isa = PBXBuildFile; fileRef = 376F8EB025F7479600C3B287 /* MetalKit.framework */; };
		376F8EB325F7479E00C3B287 /* common.framework in Frameworks */ = {isa = PBXBuildFile; fileRef = 376F8EB225F7479E00C3B287 /* common.framework */; };
		376F8EB425F7479E00C3B287 /* common.framework in Embed Frameworks */ = {isa = PBXBuildFile; fileRef = 376F8EB225F7479E00C3B287 /* common.framework */; settings = {ATTRIBUTES = (CodeSignOnCopy, RemoveHeadersOnCopy, ); }; };
		376F8EB925F747D800C3B287 /* MetalBuffer.swift in Sources */ = {isa = PBXBuildFile; fileRef = 376F8EB825F747D800C3B287 /* MetalBuffer.swift */; };
		376F8EBF25F7482900C3B287 /* ShapeShaderType.m in Sources */ = {isa = PBXBuildFile; fileRef = 376F8EBE25F7482900C3B287 /* ShapeShaderType.m */; };
		376F8EC325F7490300C3B287 /* SpecularLightingShader.metal in Sources */ = {isa = PBXBuildFile; fileRef = 376F8EC225F7490300C3B287 /* SpecularLightingShader.metal */; };
		376F8EC725F74BDA00C3B287 /* Renderer.swift in Sources */ = {isa = PBXBuildFile; fileRef = 376F8EC625F74BDA00C3B287 /* Renderer.swift */; };
/* End PBXBuildFile section */

/* Begin PBXContainerItemProxy section */
		376F8E8E25F7474A00C3B287 /* PBXContainerItemProxy */ = {
			isa = PBXContainerItemProxy;
			containerPortal = 376F8E7325F7474800C3B287 /* Project object */;
			proxyType = 1;
			remoteGlobalIDString = 376F8E7A25F7474800C3B287;
			remoteInfo = SpecularLighting;
		};
		376F8E9925F7474A00C3B287 /* PBXContainerItemProxy */ = {
			isa = PBXContainerItemProxy;
			containerPortal = 376F8E7325F7474800C3B287 /* Project object */;
			proxyType = 1;
			remoteGlobalIDString = 376F8E7A25F7474800C3B287;
			remoteInfo = SpecularLighting;
		};
/* End PBXContainerItemProxy section */

/* Begin PBXCopyFilesBuildPhase section */
		376F8EB525F7479F00C3B287 /* Embed Frameworks */ = {
			isa = PBXCopyFilesBuildPhase;
			buildActionMask = 2147483647;
			dstPath = "";
			dstSubfolderSpec = 10;
			files = (
				376F8EB425F7479E00C3B287 /* common.framework in Embed Frameworks */,
			);
			name = "Embed Frameworks";
			runOnlyForDeploymentPostprocessing = 0;
		};
/* End PBXCopyFilesBuildPhase section */

/* Begin PBXFileReference section */
		376F8E7B25F7474800C3B287 /* SpecularLighting.app */ = {isa = PBXFileReference; explicitFileType = wrapper.application; includeInIndex = 0; path = SpecularLighting.app; sourceTree = BUILT_PRODUCTS_DIR; };
		376F8E7E25F7474800C3B287 /* AppDelegate.swift */ = {isa = PBXFileReference; lastKnownFileType = sourcecode.swift; path = AppDelegate.swift; sourceTree = "<group>"; };
		376F8E8025F7474800C3B287 /* ViewController.swift */ = {isa = PBXFileReference; lastKnownFileType = sourcecode.swift; path = ViewController.swift; sourceTree = "<group>"; };
		376F8E8225F7474A00C3B287 /* Assets.xcassets */ = {isa = PBXFileReference; lastKnownFileType = folder.assetcatalog; path = Assets.xcassets; sourceTree = "<group>"; };
		376F8E8525F7474A00C3B287 /* Base */ = {isa = PBXFileReference; lastKnownFileType = file.storyboard; name = Base; path = Base.lproj/Main.storyboard; sourceTree = "<group>"; };
		376F8E8725F7474A00C3B287 /* Info.plist */ = {isa = PBXFileReference; lastKnownFileType = text.plist.xml; path = Info.plist; sourceTree = "<group>"; };
		376F8E8825F7474A00C3B287 /* SpecularLighting.entitlements */ = {isa = PBXFileReference; lastKnownFileType = text.plist.entitlements; path = SpecularLighting.entitlements; sourceTree = "<group>"; };
		376F8E8D25F7474A00C3B287 /* SpecularLightingTests.xctest */ = {isa = PBXFileReference; explicitFileType = wrapper.cfbundle; includeInIndex = 0; path = SpecularLightingTests.xctest; sourceTree = BUILT_PRODUCTS_DIR; };
		376F8E9125F7474A00C3B287 /* SpecularLightingTests.swift */ = {isa = PBXFileReference; lastKnownFileType = sourcecode.swift; path = SpecularLightingTests.swift; sourceTree = "<group>"; };
		376F8E9325F7474A00C3B287 /* Info.plist */ = {isa = PBXFileReference; lastKnownFileType = text.plist.xml; path = Info.plist; sourceTree = "<group>"; };
		376F8E9825F7474A00C3B287 /* SpecularLightingUITests.xctest */ = {isa = PBXFileReference; explicitFileType = wrapper.cfbundle; includeInIndex = 0; path = SpecularLightingUITests.xctest; sourceTree = BUILT_PRODUCTS_DIR; };
		376F8E9C25F7474A00C3B287 /* SpecularLightingUITests.swift */ = {isa = PBXFileReference; lastKnownFileType = sourcecode.swift; path = SpecularLightingUITests.swift; sourceTree = "<group>"; };
		376F8E9E25F7474A00C3B287 /* Info.plist */ = {isa = PBXFileReference; lastKnownFileType = text.plist.xml; path = Info.plist; sourceTree = "<group>"; };
		376F8EAE25F7478F00C3B287 /* Metal.framework */ = {isa = PBXFileReference; lastKnownFileType = wrapper.framework; name = Metal.framework; path = System/Library/Frameworks/Metal.framework; sourceTree = SDKROOT; };
		376F8EB025F7479600C3B287 /* MetalKit.framework */ = {isa = PBXFileReference; lastKnownFileType = wrapper.framework; name = MetalKit.framework; path = System/Library/Frameworks/MetalKit.framework; sourceTree = SDKROOT; };
		376F8EB225F7479E00C3B287 /* common.framework */ = {isa = PBXFileReference; explicitFileType = wrapper.framework; path = common.framework; sourceTree = BUILT_PRODUCTS_DIR; };
		376F8EB825F747D800C3B287 /* MetalBuffer.swift */ = {isa = PBXFileReference; lastKnownFileType = sourcecode.swift; path = MetalBuffer.swift; sourceTree = "<group>"; };
		376F8EBC25F7480400C3B287 /* ShapeShaderType.h */ = {isa = PBXFileReference; lastKnownFileType = sourcecode.c.h; path = ShapeShaderType.h; sourceTree = "<group>"; };
		376F8EBD25F7482800C3B287 /* SpecularLighting-Bridging-Header.h */ = {isa = PBXFileReference; lastKnownFileType = sourcecode.c.h; path = "SpecularLighting-Bridging-Header.h"; sourceTree = "<group>"; };
		376F8EBE25F7482900C3B287 /* ShapeShaderType.m */ = {isa = PBXFileReference; lastKnownFileType = sourcecode.c.objc; path = ShapeShaderType.m; sourceTree = "<group>"; };
		376F8EC225F7490300C3B287 /* SpecularLightingShader.metal */ = {isa = PBXFileReference; lastKnownFileType = sourcecode.metal; path = SpecularLightingShader.metal; sourceTree = "<group>"; };
		376F8EC625F74BDA00C3B287 /* Renderer.swift */ = {isa = PBXFileReference; lastKnownFileType = sourcecode.swift; path = Renderer.swift; sourceTree = "<group>"; };
/* End PBXFileReference section */

/* Begin PBXFrameworksBuildPhase section */
		376F8E7825F7474800C3B287 /* Frameworks */ = {
			isa = PBXFrameworksBuildPhase;
			buildActionMask = 2147483647;
			files = (
				376F8EAF25F7478F00C3B287 /* Metal.framework in Frameworks */,
				376F8EB325F7479E00C3B287 /* common.framework in Frameworks */,
				376F8EB125F7479600C3B287 /* MetalKit.framework in Frameworks */,
			);
			runOnlyForDeploymentPostprocessing = 0;
		};
		376F8E8A25F7474A00C3B287 /* Frameworks */ = {
			isa = PBXFrameworksBuildPhase;
			buildActionMask = 2147483647;
			files = (
			);
			runOnlyForDeploymentPostprocessing = 0;
		};
		376F8E9525F7474A00C3B287 /* Frameworks */ = {
			isa = PBXFrameworksBuildPhase;
			buildActionMask = 2147483647;
			files = (
			);
			runOnlyForDeploymentPostprocessing = 0;
		};
/* End PBXFrameworksBuildPhase section */

/* Begin PBXGroup section */
		376F8E7225F7474800C3B287 = {
			isa = PBXGroup;
			children = (
				376F8E7D25F7474800C3B287 /* SpecularLighting */,
				376F8E9025F7474A00C3B287 /* SpecularLightingTests */,
				376F8E9B25F7474A00C3B287 /* SpecularLightingUITests */,
				376F8E7C25F7474800C3B287 /* Products */,
				376F8EAD25F7478F00C3B287 /* Frameworks */,
			);
			sourceTree = "<group>";
		};
		376F8E7C25F7474800C3B287 /* Products */ = {
			isa = PBXGroup;
			children = (
				376F8E7B25F7474800C3B287 /* SpecularLighting.app */,
				376F8E8D25F7474A00C3B287 /* SpecularLightingTests.xctest */,
				376F8E9825F7474A00C3B287 /* SpecularLightingUITests.xctest */,
			);
			name = Products;
			sourceTree = "<group>";
		};
		376F8E7D25F7474800C3B287 /* SpecularLighting */ = {
			isa = PBXGroup;
			children = (
				376F8E7E25F7474800C3B287 /* AppDelegate.swift */,
				376F8E8025F7474800C3B287 /* ViewController.swift */,
				376F8E8225F7474A00C3B287 /* Assets.xcassets */,
				376F8E8425F7474A00C3B287 /* Main.storyboard */,
				376F8E8725F7474A00C3B287 /* Info.plist */,
				376F8E8825F7474A00C3B287 /* SpecularLighting.entitlements */,
				376F8EB825F747D800C3B287 /* MetalBuffer.swift */,
				376F8EBC25F7480400C3B287 /* ShapeShaderType.h */,
				376F8EBE25F7482900C3B287 /* ShapeShaderType.m */,
				376F8EBD25F7482800C3B287 /* SpecularLighting-Bridging-Header.h */,
				376F8EC225F7490300C3B287 /* SpecularLightingShader.metal */,
				376F8EC625F74BDA00C3B287 /* Renderer.swift */,
			);
			path = SpecularLighting;
			sourceTree = "<group>";
		};
		376F8E9025F7474A00C3B287 /* SpecularLightingTests */ = {
			isa = PBXGroup;
			children = (
				376F8E9125F7474A00C3B287 /* SpecularLightingTests.swift */,
				376F8E9325F7474A00C3B287 /* Info.plist */,
			);
			path = SpecularLightingTests;
			sourceTree = "<group>";
		};
		376F8E9B25F7474A00C3B287 /* SpecularLightingUITests */ = {
			isa = PBXGroup;
			children = (
				376F8E9C25F7474A00C3B287 /* SpecularLightingUITests.swift */,
				376F8E9E25F7474A00C3B287 /* Info.plist */,
			);
			path = SpecularLightingUITests;
			sourceTree = "<group>";
		};
		376F8EAD25F7478F00C3B287 /* Frameworks */ = {
			isa = PBXGroup;
			children = (
				376F8EB225F7479E00C3B287 /* common.framework */,
				376F8EB025F7479600C3B287 /* MetalKit.framework */,
				376F8EAE25F7478F00C3B287 /* Metal.framework */,
			);
			name = Frameworks;
			sourceTree = "<group>";
		};
/* End PBXGroup section */

/* Begin PBXNativeTarget section */
		376F8E7A25F7474800C3B287 /* SpecularLighting */ = {
			isa = PBXNativeTarget;
			buildConfigurationList = 376F8EA125F7474A00C3B287 /* Build configuration list for PBXNativeTarget "SpecularLighting" */;
			buildPhases = (
				376F8E7725F7474800C3B287 /* Sources */,
				376F8E7825F7474800C3B287 /* Frameworks */,
				376F8E7925F7474800C3B287 /* Resources */,
				376F8EB525F7479F00C3B287 /* Embed Frameworks */,
			);
			buildRules = (
			);
			dependencies = (
			);
			name = SpecularLighting;
			productName = SpecularLighting;
			productReference = 376F8E7B25F7474800C3B287 /* SpecularLighting.app */;
			productType = "com.apple.product-type.application";
		};
		376F8E8C25F7474A00C3B287 /* SpecularLightingTests */ = {
			isa = PBXNativeTarget;
			buildConfigurationList = 376F8EA425F7474A00C3B287 /* Build configuration list for PBXNativeTarget "SpecularLightingTests" */;
			buildPhases = (
				376F8E8925F7474A00C3B287 /* Sources */,
				376F8E8A25F7474A00C3B287 /* Frameworks */,
				376F8E8B25F7474A00C3B287 /* Resources */,
			);
			buildRules = (
			);
			dependencies = (
				376F8E8F25F7474A00C3B287 /* PBXTargetDependency */,
			);
			name = SpecularLightingTests;
			productName = SpecularLightingTests;
			productReference = 376F8E8D25F7474A00C3B287 /* SpecularLightingTests.xctest */;
			productType = "com.apple.product-type.bundle.unit-test";
		};
		376F8E9725F7474A00C3B287 /* SpecularLightingUITests */ = {
			isa = PBXNativeTarget;
			buildConfigurationList = 376F8EA725F7474A00C3B287 /* Build configuration list for PBXNativeTarget "SpecularLightingUITests" */;
			buildPhases = (
				376F8E9425F7474A00C3B287 /* Sources */,
				376F8E9525F7474A00C3B287 /* Frameworks */,
				376F8E9625F7474A00C3B287 /* Resources */,
			);
			buildRules = (
			);
			dependencies = (
				376F8E9A25F7474A00C3B287 /* PBXTargetDependency */,
			);
			name = SpecularLightingUITests;
			productName = SpecularLightingUITests;
			productReference = 376F8E9825F7474A00C3B287 /* SpecularLightingUITests.xctest */;
			productType = "com.apple.product-type.bundle.ui-testing";
		};
/* End PBXNativeTarget section */

/* Begin PBXProject section */
		376F8E7325F7474800C3B287 /* Project object */ = {
			isa = PBXProject;
			attributes = {
				LastSwiftUpdateCheck = 1240;
				LastUpgradeCheck = 1240;
				TargetAttributes = {
					376F8E7A25F7474800C3B287 = {
						CreatedOnToolsVersion = 12.4;
						LastSwiftMigration = 1240;
					};
					376F8E8C25F7474A00C3B287 = {
						CreatedOnToolsVersion = 12.4;
						TestTargetID = 376F8E7A25F7474800C3B287;
					};
					376F8E9725F7474A00C3B287 = {
						CreatedOnToolsVersion = 12.4;
						TestTargetID = 376F8E7A25F7474800C3B287;
					};
				};
			};
			buildConfigurationList = 376F8E7625F7474800C3B287 /* Build configuration list for PBXProject "2.3.SpecularLighting" */;
			compatibilityVersion = "Xcode 9.3";
			developmentRegion = en;
			hasScannedForEncodings = 0;
			knownRegions = (
				en,
				Base,
			);
			mainGroup = 376F8E7225F7474800C3B287;
			productRefGroup = 376F8E7C25F7474800C3B287 /* Products */;
			projectDirPath = "";
			projectRoot = "";
			targets = (
				376F8E7A25F7474800C3B287 /* SpecularLighting */,
				376F8E8C25F7474A00C3B287 /* SpecularLightingTests */,
				376F8E9725F7474A00C3B287 /* SpecularLightingUITests */,
			);
		};
/* End PBXProject section */

/* Begin PBXResourcesBuildPhase section */
		376F8E7925F7474800C3B287 /* Resources */ = {
			isa = PBXResourcesBuildPhase;
			buildActionMask = 2147483647;
			files = (
				376F8E8325F7474A00C3B287 /* Assets.xcassets in Resources */,
				376F8E8625F7474A00C3B287 /* Main.storyboard in Resources */,
			);
			runOnlyForDeploymentPostprocessing = 0;
		};
		376F8E8B25F7474A00C3B287 /* Resources */ = {
			isa = PBXResourcesBuildPhase;
			buildActionMask = 2147483647;
			files = (
			);
			runOnlyForDeploymentPostprocessing = 0;
		};
		376F8E9625F7474A00C3B287 /* Resources */ = {
			isa = PBXResourcesBuildPhase;
			buildActionMask = 2147483647;
			files = (
			);
			runOnlyForDeploymentPostprocessing = 0;
		};
/* End PBXResourcesBuildPhase section */

/* Begin PBXSourcesBuildPhase section */
		376F8E7725F7474800C3B287 /* Sources */ = {
			isa = PBXSourcesBuildPhase;
			buildActionMask = 2147483647;
			files = (
				376F8EC325F7490300C3B287 /* SpecularLightingShader.metal in Sources */,
				376F8E8125F7474800C3B287 /* ViewController.swift in Sources */,
				376F8E7F25F7474800C3B287 /* AppDelegate.swift in Sources */,
				376F8EBF25F7482900C3B287 /* ShapeShaderType.m in Sources */,
				376F8EC725F74BDA00C3B287 /* Renderer.swift in Sources */,
				376F8EB925F747D800C3B287 /* MetalBuffer.swift in Sources */,
			);
			runOnlyForDeploymentPostprocessing = 0;
		};
		376F8E8925F7474A00C3B287 /* Sources */ = {
			isa = PBXSourcesBuildPhase;
			buildActionMask = 2147483647;
			files = (
				376F8E9225F7474A00C3B287 /* SpecularLightingTests.swift in Sources */,
			);
			runOnlyForDeploymentPostprocessing = 0;
		};
		376F8E9425F7474A00C3B287 /* Sources */ = {
			isa = PBXSourcesBuildPhase;
			buildActionMask = 2147483647;
			files = (
				376F8E9D25F7474A00C3B287 /* SpecularLightingUITests.swift in Sources */,
			);
			runOnlyForDeploymentPostprocessing = 0;
		};
/* End PBXSourcesBuildPhase section */

/* Begin PBXTargetDependency section */
		376F8E8F25F7474A00C3B287 /* PBXTargetDependency */ = {
			isa = PBXTargetDependency;
			target = 376F8E7A25F7474800C3B287 /* SpecularLighting */;
			targetProxy = 376F8E8E25F7474A00C3B287 /* PBXContainerItemProxy */;
		};
		376F8E9A25F7474A00C3B287 /* PBXTargetDependency */ = {
			isa = PBXTargetDependency;
			target = 376F8E7A25F7474800C3B287 /* SpecularLighting */;
			targetProxy = 376F8E9925F7474A00C3B287 /* PBXContainerItemProxy */;
		};
/* End PBXTargetDependency section */

/* Begin PBXVariantGroup section */
		376F8E8425F7474A00C3B287 /* Main.storyboard */ = {
			isa = PBXVariantGroup;
			children = (
				376F8E8525F7474A00C3B287 /* Base */,
			);
			name = Main.storyboard;
			sourceTree = "<group>";
		};
/* End PBXVariantGroup section */

/* Begin XCBuildConfiguration section */
		376F8E9F25F7474A00C3B287 /* Debug */ = {
			isa = XCBuildConfiguration;
			buildSettings = {
				ALWAYS_SEARCH_USER_PATHS = NO;
				CLANG_ANALYZER_NONNULL = YES;
				CLANG_ANALYZER_NUMBER_OBJECT_CONVERSION = YES_AGGRESSIVE;
				CLANG_CXX_LANGUAGE_STANDARD = "gnu++14";
				CLANG_CXX_LIBRARY = "libc++";
				CLANG_ENABLE_MODULES = YES;
				CLANG_ENABLE_OBJC_ARC = YES;
				CLANG_ENABLE_OBJC_WEAK = YES;
				CLANG_WARN_BLOCK_CAPTURE_AUTORELEASING = YES;
				CLANG_WARN_BOOL_CONVERSION = YES;
				CLANG_WARN_COMMA = YES;
				CLANG_WARN_CONSTANT_CONVERSION = YES;
				CLANG_WARN_DEPRECATED_OBJC_IMPLEMENTATIONS = YES;
				CLANG_WARN_DIRECT_OBJC_ISA_USAGE = YES_ERROR;
				CLANG_WARN_DOCUMENTATION_COMMENTS = YES;
				CLANG_WARN_EMPTY_BODY = YES;
				CLANG_WARN_ENUM_CONVERSION = YES;
				CLANG_WARN_INFINITE_RECURSION = YES;
				CLANG_WARN_INT_CONVERSION = YES;
				CLANG_WARN_NON_LITERAL_NULL_CONVERSION = YES;
				CLANG_WARN_OBJC_IMPLICIT_RETAIN_SELF = YES;
				CLANG_WARN_OBJC_LITERAL_CONVERSION = YES;
				CLANG_WARN_OBJC_ROOT_CLASS = YES_ERROR;
				CLANG_WARN_QUOTED_INCLUDE_IN_FRAMEWORK_HEADER = YES;
				CLANG_WARN_RANGE_LOOP_ANALYSIS = YES;
				CLANG_WARN_STRICT_PROTOTYPES = YES;
				CLANG_WARN_SUSPICIOUS_MOVE = YES;
				CLANG_WARN_UNGUARDED_AVAILABILITY = YES_AGGRESSIVE;
				CLANG_WARN_UNREACHABLE_CODE = YES;
				CLANG_WARN__DUPLICATE_METHOD_MATCH = YES;
				COPY_PHASE_STRIP = NO;
				DEBUG_INFORMATION_FORMAT = dwarf;
				ENABLE_STRICT_OBJC_MSGSEND = YES;
				ENABLE_TESTABILITY = YES;
				GCC_C_LANGUAGE_STANDARD = gnu11;
				GCC_DYNAMIC_NO_PIC = NO;
				GCC_NO_COMMON_BLOCKS = YES;
				GCC_OPTIMIZATION_LEVEL = 0;
				GCC_PREPROCESSOR_DEFINITIONS = (
					"DEBUG=1",
					"$(inherited)",
				);
				GCC_WARN_64_TO_32_BIT_CONVERSION = YES;
				GCC_WARN_ABOUT_RETURN_TYPE = YES_ERROR;
				GCC_WARN_UNDECLARED_SELECTOR = YES;
				GCC_WARN_UNINITIALIZED_AUTOS = YES_AGGRESSIVE;
				GCC_WARN_UNUSED_FUNCTION = YES;
				GCC_WARN_UNUSED_VARIABLE = YES;
				MACOSX_DEPLOYMENT_TARGET = 11.1;
				MTL_ENABLE_DEBUG_INFO = INCLUDE_SOURCE;
				MTL_FAST_MATH = YES;
				ONLY_ACTIVE_ARCH = YES;
				SDKROOT = macosx;
				SWIFT_ACTIVE_COMPILATION_CONDITIONS = DEBUG;
				SWIFT_OPTIMIZATION_LEVEL = "-Onone";
			};
			name = Debug;
		};
		376F8EA025F7474A00C3B287 /* Release */ = {
			isa = XCBuildConfiguration;
			buildSettings = {
				ALWAYS_SEARCH_USER_PATHS = NO;
				CLANG_ANALYZER_NONNULL = YES;
				CLANG_ANALYZER_NUMBER_OBJECT_CONVERSION = YES_AGGRESSIVE;
				CLANG_CXX_LANGUAGE_STANDARD = "gnu++14";
				CLANG_CXX_LIBRARY = "libc++";
				CLANG_ENABLE_MODULES = YES;
				CLANG_ENABLE_OBJC_ARC = YES;
				CLANG_ENABLE_OBJC_WEAK = YES;
				CLANG_WARN_BLOCK_CAPTURE_AUTORELEASING = YES;
				CLANG_WARN_BOOL_CONVERSION = YES;
				CLANG_WARN_COMMA = YES;
				CLANG_WARN_CONSTANT_CONVERSION = YES;
				CLANG_WARN_DEPRECATED_OBJC_IMPLEMENTATIONS = YES;
				CLANG_WARN_DIRECT_OBJC_ISA_USAGE = YES_ERROR;
				CLANG_WARN_DOCUMENTATION_COMMENTS = YES;
				CLANG_WARN_EMPTY_BODY = YES;
				CLANG_WARN_ENUM_CONVERSION = YES;
				CLANG_WARN_INFINITE_RECURSION = YES;
				CLANG_WARN_INT_CONVERSION = YES;
				CLANG_WARN_NON_LITERAL_NULL_CONVERSION = YES;
				CLANG_WARN_OBJC_IMPLICIT_RETAIN_SELF = YES;
				CLANG_WARN_OBJC_LITERAL_CONVERSION = YES;
				CLANG_WARN_OBJC_ROOT_CLASS = YES_ERROR;
				CLANG_WARN_QUOTED_INCLUDE_IN_FRAMEWORK_HEADER = YES;
				CLANG_WARN_RANGE_LOOP_ANALYSIS = YES;
				CLANG_WARN_STRICT_PROTOTYPES = YES;
				CLANG_WARN_SUSPICIOUS_MOVE = YES;
				CLANG_WARN_UNGUARDED_AVAILABILITY = YES_AGGRESSIVE;
				CLANG_WARN_UNREACHABLE_CODE = YES;
				CLANG_WARN__DUPLICATE_METHOD_MATCH = YES;
				COPY_PHASE_STRIP = NO;
				DEBUG_INFORMATION_FORMAT = "dwarf-with-dsym";
				ENABLE_NS_ASSERTIONS = NO;
				ENABLE_STRICT_OBJC_MSGSEND = YES;
				GCC_C_LANGUAGE_STANDARD = gnu11;
				GCC_NO_COMMON_BLOCKS = YES;
				GCC_WARN_64_TO_32_BIT_CONVERSION = YES;
				GCC_WARN_ABOUT_RETURN_TYPE = YES_ERROR;
				GCC_WARN_UNDECLARED_SELECTOR = YES;
				GCC_WARN_UNINITIALIZED_AUTOS = YES_AGGRESSIVE;
				GCC_WARN_UNUSED_FUNCTION = YES;
				GCC_WARN_UNUSED_VARIABLE = YES;
				MACOSX_DEPLOYMENT_TARGET = 11.1;
				MTL_ENABLE_DEBUG_INFO = NO;
				MTL_FAST_MATH = YES;
				SDKROOT = macosx;
				SWIFT_COMPILATION_MODE = wholemodule;
				SWIFT_OPTIMIZATION_LEVEL = "-O";
			};
			name = Release;
		};
		376F8EA225F7474A00C3B287 /* Debug */ = {
			isa = XCBuildConfiguration;
			buildSettings = {
				ASSETCATALOG_COMPILER_APPICON_NAME = AppIcon;
				ASSETCATALOG_COMPILER_GLOBAL_ACCENT_COLOR_NAME = AccentColor;
				CLANG_ENABLE_MODULES = YES;
				CODE_SIGN_ENTITLEMENTS = SpecularLighting/SpecularLighting.entitlements;
				CODE_SIGN_STYLE = Automatic;
				COMBINE_HIDPI_IMAGES = YES;
				DEVELOPMENT_TEAM = 4X75RZ9C85;
				ENABLE_HARDENED_RUNTIME = YES;
				INFOPLIST_FILE = SpecularLighting/Info.plist;
				LD_RUNPATH_SEARCH_PATHS = (
					"$(inherited)",
					"@executable_path/../Frameworks",
				);
				PRODUCT_BUNDLE_IDENTIFIER = io.github.suzp1984.SpecularLighting;
				PRODUCT_NAME = "$(TARGET_NAME)";
				SWIFT_OBJC_BRIDGING_HEADER = "SpecularLighting/SpecularLighting-Bridging-Header.h";
				SWIFT_OPTIMIZATION_LEVEL = "-Onone";
				SWIFT_VERSION = 5.0;
			};
			name = Debug;
		};
		376F8EA325F7474A00C3B287 /* Release */ = {
			isa = XCBuildConfiguration;
			buildSettings = {
				ASSETCATALOG_COMPILER_APPICON_NAME = AppIcon;
				ASSETCATALOG_COMPILER_GLOBAL_ACCENT_COLOR_NAME = AccentColor;
				CLANG_ENABLE_MODULES = YES;
				CODE_SIGN_ENTITLEMENTS = SpecularLighting/SpecularLighting.entitlements;
				CODE_SIGN_STYLE = Automatic;
				COMBINE_HIDPI_IMAGES = YES;
				DEVELOPMENT_TEAM = 4X75RZ9C85;
				ENABLE_HARDENED_RUNTIME = YES;
				INFOPLIST_FILE = SpecularLighting/Info.plist;
				LD_RUNPATH_SEARCH_PATHS = (
					"$(inherited)",
					"@executable_path/../Frameworks",
				);
				PRODUCT_BUNDLE_IDENTIFIER = io.github.suzp1984.SpecularLighting;
				PRODUCT_NAME = "$(TARGET_NAME)";
				SWIFT_OBJC_BRIDGING_HEADER = "SpecularLighting/SpecularLighting-Bridging-Header.h";
				SWIFT_VERSION = 5.0;
			};
			name = Release;
		};
		376F8EA525F7474A00C3B287 /* Debug */ = {
			isa = XCBuildConfiguration;
			buildSettings = {
				ALWAYS_EMBED_SWIFT_STANDARD_LIBRARIES = YES;
				BUNDLE_LOADER = "$(TEST_HOST)";
				CODE_SIGN_STYLE = Automatic;
				COMBINE_HIDPI_IMAGES = YES;
				DEVELOPMENT_TEAM = 4X75RZ9C85;
				INFOPLIST_FILE = SpecularLightingTests/Info.plist;
				LD_RUNPATH_SEARCH_PATHS = (
					"$(inherited)",
					"@executable_path/../Frameworks",
					"@loader_path/../Frameworks",
				);
				MACOSX_DEPLOYMENT_TARGET = 11.1;
				PRODUCT_BUNDLE_IDENTIFIER = io.github.suzp1984.SpecularLightingTests;
				PRODUCT_NAME = "$(TARGET_NAME)";
				SWIFT_VERSION = 5.0;
				TEST_HOST = "$(BUILT_PRODUCTS_DIR)/SpecularLighting.app/Contents/MacOS/SpecularLighting";
			};
			name = Debug;
		};
		376F8EA625F7474A00C3B287 /* Release */ = {
			isa = XCBuildConfiguration;
			buildSettings = {
				ALWAYS_EMBED_SWIFT_STANDARD_LIBRARIES = YES;
				BUNDLE_LOADER = "$(TEST_HOST)";
				CODE_SIGN_STYLE = Automatic;
				COMBINE_HIDPI_IMAGES = YES;
				DEVELOPMENT_TEAM = 4X75RZ9C85;
				INFOPLIST_FILE = SpecularLightingTests/Info.plist;
				LD_RUNPATH_SEARCH_PATHS = (
					"$(inherited)",
					"@executable_path/../Frameworks",
					"@loader_path/../Frameworks",
				);
				MACOSX_DEPLOYMENT_TARGET = 11.1;
				PRODUCT_BUNDLE_IDENTIFIER = io.github.suzp1984.SpecularLightingTests;
				PRODUCT_NAME = "$(TARGET_NAME)";
				SWIFT_VERSION = 5.0;
				TEST_HOST = "$(BUILT_PRODUCTS_DIR)/SpecularLighting.app/Contents/MacOS/SpecularLighting";
			};
			name = Release;
		};
		376F8EA825F7474A00C3B287 /* Debug */ = {
			isa = XCBuildConfiguration;
			buildSettings = {
				ALWAYS_EMBED_SWIFT_STANDARD_LIBRARIES = YES;
				CODE_SIGN_STYLE = Automatic;
				COMBINE_HIDPI_IMAGES = YES;
				DEVELOPMENT_TEAM = 4X75RZ9C85;
				INFOPLIST_FILE = SpecularLightingUITests/Info.plist;
				LD_RUNPATH_SEARCH_PATHS = (
					"$(inherited)",
					"@executable_path/../Frameworks",
					"@loader_path/../Frameworks",
				);
				PRODUCT_BUNDLE_IDENTIFIER = io.github.suzp1984.SpecularLightingUITests;
				PRODUCT_NAME = "$(TARGET_NAME)";
				SWIFT_VERSION = 5.0;
				TEST_TARGET_NAME = SpecularLighting;
			};
			name = Debug;
		};
		376F8EA925F7474A00C3B287 /* Release */ = {
			isa = XCBuildConfiguration;
			buildSettings = {
				ALWAYS_EMBED_SWIFT_STANDARD_LIBRARIES = YES;
				CODE_SIGN_STYLE = Automatic;
				COMBINE_HIDPI_IMAGES = YES;
				DEVELOPMENT_TEAM = 4X75RZ9C85;
				INFOPLIST_FILE = SpecularLightingUITests/Info.plist;
				LD_RUNPATH_SEARCH_PATHS = (
					"$(inherited)",
					"@executable_path/../Frameworks",
					"@loader_path/../Frameworks",
				);
				PRODUCT_BUNDLE_IDENTIFIER = io.github.suzp1984.SpecularLightingUITests;
				PRODUCT_NAME = "$(TARGET_NAME)";
				SWIFT_VERSION = 5.0;
				TEST_TARGET_NAME = SpecularLighting;
			};
			name = Release;
		};
/* End XCBuildConfiguration section */

/* Begin XCConfigurationList section */
		376F8E7625F7474800C3B287 /* Build configuration list for PBXProject "2.3.SpecularLighting" */ = {
			isa = XCConfigurationList;
			buildConfigurations = (
				376F8E9F25F7474A00C3B287 /* Debug */,
				376F8EA025F7474A00C3B287 /* Release */,
			);
			defaultConfigurationIsVisible = 0;
			defaultConfigurationName = Release;
		};
		376F8EA125F7474A00C3B287 /* Build configuration list for PBXNativeTarget "SpecularLighting" */ = {
			isa = XCConfigurationList;
			buildConfigurations = (
				376F8EA225F7474A00C3B287 /* Debug */,
				376F8EA325F7474A00C3B287 /* Release */,
			);
			defaultConfigurationIsVisible = 0;
			defaultConfigurationName = Release;
		};
		376F8EA425F7474A00C3B287 /* Build configuration list for PBXNativeTarget "SpecularLightingTests" */ = {
			isa = XCConfigurationList;
			buildConfigurations = (
				376F8EA525F7474A00C3B287 /* Debug */,
				376F8EA625F7474A00C3B287 /* Release */,
			);
			defaultConfigurationIsVisible = 0;
			defaultConfigurationName = Release;
		};
		376F8EA725F7474A00C3B287 /* Build configuration list for PBXNativeTarget "SpecularLightingUITests" */ = {
			isa = XCConfigurationList;
			buildConfigurations = (
				376F8EA825F7474A00C3B287 /* Debug */,
				376F8EA925F7474A00C3B287 /* Release */,
			);
			defaultConfigurationIsVisible = 0;
			defaultConfigurationName = Release;
		};
/* End XCConfigurationList section */
	};
	rootObject = 376F8E7325F7474800C3B287 /* Project object */;
}
