// !$*UTF8*$!
{
	archiveVersion = 1;
	classes = {
	};
	objectVersion = 50;
	objects = {

/* Begin PBXBuildFile section */
		3789FF952632791B00D9F85B /* AppDelegate.swift in Sources */ = {isa = PBXBuildFile; fileRef = 3789FF942632791B00D9F85B /* AppDelegate.swift */; };
		3789FF972632791B00D9F85B /* ViewController.swift in Sources */ = {isa = PBXBuildFile; fileRef = 3789FF962632791B00D9F85B /* ViewController.swift */; };
		3789FF992632791E00D9F85B /* Assets.xcassets in Resources */ = {isa = PBXBuildFile; fileRef = 3789FF982632791E00D9F85B /* Assets.xcassets */; };
		3789FF9C2632791E00D9F85B /* Main.storyboard in Resources */ = {isa = PBXBuildFile; fileRef = 3789FF9A2632791E00D9F85B /* Main.storyboard */; };
		3789FFA82632791E00D9F85B /* Mesh2DTests.swift in Sources */ = {isa = PBXBuildFile; fileRef = 3789FFA72632791E00D9F85B /* Mesh2DTests.swift */; };
		3789FFB32632791E00D9F85B /* Mesh2DUITests.swift in Sources */ = {isa = PBXBuildFile; fileRef = 3789FFB22632791E00D9F85B /* Mesh2DUITests.swift */; };
		3789FFC52632794500D9F85B /* common.framework in Frameworks */ = {isa = PBXBuildFile; fileRef = 3789FFC42632794500D9F85B /* common.framework */; };
		3789FFC62632794500D9F85B /* common.framework in Embed Frameworks */ = {isa = PBXBuildFile; fileRef = 3789FFC42632794500D9F85B /* common.framework */; settings = {ATTRIBUTES = (CodeSignOnCopy, RemoveHeadersOnCopy, ); }; };
		3789FFCA2632794D00D9F85B /* MetalKit.framework in Frameworks */ = {isa = PBXBuildFile; fileRef = 3789FFC82632794D00D9F85B /* MetalKit.framework */; };
		3789FFCB2632794D00D9F85B /* Metal.framework in Frameworks */ = {isa = PBXBuildFile; fileRef = 3789FFC92632794D00D9F85B /* Metal.framework */; };
		3789FFD726327A3A00D9F85B /* Shader.metal in Sources */ = {isa = PBXBuildFile; fileRef = 3789FFD626327A3A00D9F85B /* Shader.metal */; };
		3789FFDB2632A11500D9F85B /* Renderer.swift in Sources */ = {isa = PBXBuildFile; fileRef = 3789FFDA2632A11500D9F85B /* Renderer.swift */; };
/* End PBXBuildFile section */

/* Begin PBXContainerItemProxy section */
		3789FFA42632791E00D9F85B /* PBXContainerItemProxy */ = {
			isa = PBXContainerItemProxy;
			containerPortal = 3789FF892632791B00D9F85B /* Project object */;
			proxyType = 1;
			remoteGlobalIDString = 3789FF902632791B00D9F85B;
			remoteInfo = Mesh2D;
		};
		3789FFAF2632791E00D9F85B /* PBXContainerItemProxy */ = {
			isa = PBXContainerItemProxy;
			containerPortal = 3789FF892632791B00D9F85B /* Project object */;
			proxyType = 1;
			remoteGlobalIDString = 3789FF902632791B00D9F85B;
			remoteInfo = Mesh2D;
		};
/* End PBXContainerItemProxy section */

/* Begin PBXCopyFilesBuildPhase section */
		3789FFC72632794600D9F85B /* Embed Frameworks */ = {
			isa = PBXCopyFilesBuildPhase;
			buildActionMask = 2147483647;
			dstPath = "";
			dstSubfolderSpec = 10;
			files = (
				3789FFC62632794500D9F85B /* common.framework in Embed Frameworks */,
			);
			name = "Embed Frameworks";
			runOnlyForDeploymentPostprocessing = 0;
		};
/* End PBXCopyFilesBuildPhase section */

/* Begin PBXFileReference section */
		3789FF912632791B00D9F85B /* 3.3.Mesh2D.app */ = {isa = PBXFileReference; explicitFileType = wrapper.application; includeInIndex = 0; path = 3.3.Mesh2D.app; sourceTree = BUILT_PRODUCTS_DIR; };
		3789FF942632791B00D9F85B /* AppDelegate.swift */ = {isa = PBXFileReference; lastKnownFileType = sourcecode.swift; path = AppDelegate.swift; sourceTree = "<group>"; };
		3789FF962632791B00D9F85B /* ViewController.swift */ = {isa = PBXFileReference; lastKnownFileType = sourcecode.swift; path = ViewController.swift; sourceTree = "<group>"; };
		3789FF982632791E00D9F85B /* Assets.xcassets */ = {isa = PBXFileReference; lastKnownFileType = folder.assetcatalog; path = Assets.xcassets; sourceTree = "<group>"; };
		3789FF9B2632791E00D9F85B /* Base */ = {isa = PBXFileReference; lastKnownFileType = file.storyboard; name = Base; path = Base.lproj/Main.storyboard; sourceTree = "<group>"; };
		3789FF9D2632791E00D9F85B /* Info.plist */ = {isa = PBXFileReference; lastKnownFileType = text.plist.xml; path = Info.plist; sourceTree = "<group>"; };
		3789FF9E2632791E00D9F85B /* Mesh2D.entitlements */ = {isa = PBXFileReference; lastKnownFileType = text.plist.entitlements; path = Mesh2D.entitlements; sourceTree = "<group>"; };
		3789FFA32632791E00D9F85B /* Mesh2DTests.xctest */ = {isa = PBXFileReference; explicitFileType = wrapper.cfbundle; includeInIndex = 0; path = Mesh2DTests.xctest; sourceTree = BUILT_PRODUCTS_DIR; };
		3789FFA72632791E00D9F85B /* Mesh2DTests.swift */ = {isa = PBXFileReference; lastKnownFileType = sourcecode.swift; path = Mesh2DTests.swift; sourceTree = "<group>"; };
		3789FFA92632791E00D9F85B /* Info.plist */ = {isa = PBXFileReference; lastKnownFileType = text.plist.xml; path = Info.plist; sourceTree = "<group>"; };
		3789FFAE2632791E00D9F85B /* Mesh2DUITests.xctest */ = {isa = PBXFileReference; explicitFileType = wrapper.cfbundle; includeInIndex = 0; path = Mesh2DUITests.xctest; sourceTree = BUILT_PRODUCTS_DIR; };
		3789FFB22632791E00D9F85B /* Mesh2DUITests.swift */ = {isa = PBXFileReference; lastKnownFileType = sourcecode.swift; path = Mesh2DUITests.swift; sourceTree = "<group>"; };
		3789FFB42632791E00D9F85B /* Info.plist */ = {isa = PBXFileReference; lastKnownFileType = text.plist.xml; path = Info.plist; sourceTree = "<group>"; };
		3789FFC42632794500D9F85B /* common.framework */ = {isa = PBXFileReference; explicitFileType = wrapper.framework; path = common.framework; sourceTree = BUILT_PRODUCTS_DIR; };
		3789FFC82632794D00D9F85B /* MetalKit.framework */ = {isa = PBXFileReference; lastKnownFileType = wrapper.framework; name = MetalKit.framework; path = System/Library/Frameworks/MetalKit.framework; sourceTree = SDKROOT; };
		3789FFC92632794D00D9F85B /* Metal.framework */ = {isa = PBXFileReference; lastKnownFileType = wrapper.framework; name = Metal.framework; path = System/Library/Frameworks/Metal.framework; sourceTree = SDKROOT; };
		3789FFCE263279A600D9F85B /* ShaderType.h */ = {isa = PBXFileReference; lastKnownFileType = sourcecode.c.h; path = ShaderType.h; sourceTree = "<group>"; };
		3789FFCF26327A0A00D9F85B /* Mesh2D-Bridging-Header.h */ = {isa = PBXFileReference; lastKnownFileType = sourcecode.c.h; path = "Mesh2D-Bridging-Header.h"; sourceTree = "<group>"; };
		3789FFD626327A3A00D9F85B /* Shader.metal */ = {isa = PBXFileReference; lastKnownFileType = sourcecode.metal; path = Shader.metal; sourceTree = "<group>"; };
		3789FFDA2632A11500D9F85B /* Renderer.swift */ = {isa = PBXFileReference; lastKnownFileType = sourcecode.swift; path = Renderer.swift; sourceTree = "<group>"; };
/* End PBXFileReference section */

/* Begin PBXFrameworksBuildPhase section */
		3789FF8E2632791B00D9F85B /* Frameworks */ = {
			isa = PBXFrameworksBuildPhase;
			buildActionMask = 2147483647;
			files = (
				3789FFC52632794500D9F85B /* common.framework in Frameworks */,
				3789FFCB2632794D00D9F85B /* Metal.framework in Frameworks */,
				3789FFCA2632794D00D9F85B /* MetalKit.framework in Frameworks */,
			);
			runOnlyForDeploymentPostprocessing = 0;
		};
		3789FFA02632791E00D9F85B /* Frameworks */ = {
			isa = PBXFrameworksBuildPhase;
			buildActionMask = 2147483647;
			files = (
			);
			runOnlyForDeploymentPostprocessing = 0;
		};
		3789FFAB2632791E00D9F85B /* Frameworks */ = {
			isa = PBXFrameworksBuildPhase;
			buildActionMask = 2147483647;
			files = (
			);
			runOnlyForDeploymentPostprocessing = 0;
		};
/* End PBXFrameworksBuildPhase section */

/* Begin PBXGroup section */
		3789FF882632791B00D9F85B = {
			isa = PBXGroup;
			children = (
				3789FF932632791B00D9F85B /* Mesh2D */,
				3789FFA62632791E00D9F85B /* Mesh2DTests */,
				3789FFB12632791E00D9F85B /* Mesh2DUITests */,
				3789FF922632791B00D9F85B /* Products */,
				3789FFC32632794500D9F85B /* Frameworks */,
			);
			sourceTree = "<group>";
		};
		3789FF922632791B00D9F85B /* Products */ = {
			isa = PBXGroup;
			children = (
				3789FF912632791B00D9F85B /* 3.3.Mesh2D.app */,
				3789FFA32632791E00D9F85B /* Mesh2DTests.xctest */,
				3789FFAE2632791E00D9F85B /* Mesh2DUITests.xctest */,
			);
			name = Products;
			sourceTree = "<group>";
		};
		3789FF932632791B00D9F85B /* Mesh2D */ = {
			isa = PBXGroup;
			children = (
				3789FF942632791B00D9F85B /* AppDelegate.swift */,
				3789FF962632791B00D9F85B /* ViewController.swift */,
				3789FF982632791E00D9F85B /* Assets.xcassets */,
				3789FF9A2632791E00D9F85B /* Main.storyboard */,
				3789FF9D2632791E00D9F85B /* Info.plist */,
				3789FF9E2632791E00D9F85B /* Mesh2D.entitlements */,
				3789FFCE263279A600D9F85B /* ShaderType.h */,
				3789FFCF26327A0A00D9F85B /* Mesh2D-Bridging-Header.h */,
				3789FFD626327A3A00D9F85B /* Shader.metal */,
				3789FFDA2632A11500D9F85B /* Renderer.swift */,
			);
			path = Mesh2D;
			sourceTree = "<group>";
		};
		3789FFA62632791E00D9F85B /* Mesh2DTests */ = {
			isa = PBXGroup;
			children = (
				3789FFA72632791E00D9F85B /* Mesh2DTests.swift */,
				3789FFA92632791E00D9F85B /* Info.plist */,
			);
			path = Mesh2DTests;
			sourceTree = "<group>";
		};
		3789FFB12632791E00D9F85B /* Mesh2DUITests */ = {
			isa = PBXGroup;
			children = (
				3789FFB22632791E00D9F85B /* Mesh2DUITests.swift */,
				3789FFB42632791E00D9F85B /* Info.plist */,
			);
			path = Mesh2DUITests;
			sourceTree = "<group>";
		};
		3789FFC32632794500D9F85B /* Frameworks */ = {
			isa = PBXGroup;
			children = (
				3789FFC92632794D00D9F85B /* Metal.framework */,
				3789FFC82632794D00D9F85B /* MetalKit.framework */,
				3789FFC42632794500D9F85B /* common.framework */,
			);
			name = Frameworks;
			sourceTree = "<group>";
		};
/* End PBXGroup section */

/* Begin PBXNativeTarget section */
		3789FF902632791B00D9F85B /* 3.3.Mesh2D */ = {
			isa = PBXNativeTarget;
			buildConfigurationList = 3789FFB72632791E00D9F85B /* Build configuration list for PBXNativeTarget "3.3.Mesh2D" */;
			buildPhases = (
				3789FF8D2632791B00D9F85B /* Sources */,
				3789FF8E2632791B00D9F85B /* Frameworks */,
				3789FF8F2632791B00D9F85B /* Resources */,
				3789FFC72632794600D9F85B /* Embed Frameworks */,
			);
			buildRules = (
			);
			dependencies = (
			);
			name = 3.3.Mesh2D;
			productName = Mesh2D;
			productReference = 3789FF912632791B00D9F85B /* 3.3.Mesh2D.app */;
			productType = "com.apple.product-type.application";
		};
		3789FFA22632791E00D9F85B /* Mesh2DTests */ = {
			isa = PBXNativeTarget;
			buildConfigurationList = 3789FFBA2632791E00D9F85B /* Build configuration list for PBXNativeTarget "Mesh2DTests" */;
			buildPhases = (
				3789FF9F2632791E00D9F85B /* Sources */,
				3789FFA02632791E00D9F85B /* Frameworks */,
				3789FFA12632791E00D9F85B /* Resources */,
			);
			buildRules = (
			);
			dependencies = (
				3789FFA52632791E00D9F85B /* PBXTargetDependency */,
			);
			name = Mesh2DTests;
			productName = Mesh2DTests;
			productReference = 3789FFA32632791E00D9F85B /* Mesh2DTests.xctest */;
			productType = "com.apple.product-type.bundle.unit-test";
		};
		3789FFAD2632791E00D9F85B /* Mesh2DUITests */ = {
			isa = PBXNativeTarget;
			buildConfigurationList = 3789FFBD2632791E00D9F85B /* Build configuration list for PBXNativeTarget "Mesh2DUITests" */;
			buildPhases = (
				3789FFAA2632791E00D9F85B /* Sources */,
				3789FFAB2632791E00D9F85B /* Frameworks */,
				3789FFAC2632791E00D9F85B /* Resources */,
			);
			buildRules = (
			);
			dependencies = (
				3789FFB02632791E00D9F85B /* PBXTargetDependency */,
			);
			name = Mesh2DUITests;
			productName = Mesh2DUITests;
			productReference = 3789FFAE2632791E00D9F85B /* Mesh2DUITests.xctest */;
			productType = "com.apple.product-type.bundle.ui-testing";
		};
/* End PBXNativeTarget section */

/* Begin PBXProject section */
		3789FF892632791B00D9F85B /* Project object */ = {
			isa = PBXProject;
			attributes = {
				LastSwiftUpdateCheck = 1240;
				LastUpgradeCheck = 1240;
				TargetAttributes = {
					3789FF902632791B00D9F85B = {
						CreatedOnToolsVersion = 12.4;
						LastSwiftMigration = 1240;
					};
					3789FFA22632791E00D9F85B = {
						CreatedOnToolsVersion = 12.4;
						TestTargetID = 3789FF902632791B00D9F85B;
					};
					3789FFAD2632791E00D9F85B = {
						CreatedOnToolsVersion = 12.4;
						TestTargetID = 3789FF902632791B00D9F85B;
					};
				};
			};
			buildConfigurationList = 3789FF8C2632791B00D9F85B /* Build configuration list for PBXProject "3.3.Mesh2D" */;
			compatibilityVersion = "Xcode 9.3";
			developmentRegion = en;
			hasScannedForEncodings = 0;
			knownRegions = (
				en,
				Base,
			);
			mainGroup = 3789FF882632791B00D9F85B;
			productRefGroup = 3789FF922632791B00D9F85B /* Products */;
			projectDirPath = "";
			projectRoot = "";
			targets = (
				3789FF902632791B00D9F85B /* 3.3.Mesh2D */,
				3789FFA22632791E00D9F85B /* Mesh2DTests */,
				3789FFAD2632791E00D9F85B /* Mesh2DUITests */,
			);
		};
/* End PBXProject section */

/* Begin PBXResourcesBuildPhase section */
		3789FF8F2632791B00D9F85B /* Resources */ = {
			isa = PBXResourcesBuildPhase;
			buildActionMask = 2147483647;
			files = (
				3789FF992632791E00D9F85B /* Assets.xcassets in Resources */,
				3789FF9C2632791E00D9F85B /* Main.storyboard in Resources */,
			);
			runOnlyForDeploymentPostprocessing = 0;
		};
		3789FFA12632791E00D9F85B /* Resources */ = {
			isa = PBXResourcesBuildPhase;
			buildActionMask = 2147483647;
			files = (
			);
			runOnlyForDeploymentPostprocessing = 0;
		};
		3789FFAC2632791E00D9F85B /* Resources */ = {
			isa = PBXResourcesBuildPhase;
			buildActionMask = 2147483647;
			files = (
			);
			runOnlyForDeploymentPostprocessing = 0;
		};
/* End PBXResourcesBuildPhase section */

/* Begin PBXSourcesBuildPhase section */
		3789FF8D2632791B00D9F85B /* Sources */ = {
			isa = PBXSourcesBuildPhase;
			buildActionMask = 2147483647;
			files = (
				3789FFDB2632A11500D9F85B /* Renderer.swift in Sources */,
				3789FFD726327A3A00D9F85B /* Shader.metal in Sources */,
				3789FF972632791B00D9F85B /* ViewController.swift in Sources */,
				3789FF952632791B00D9F85B /* AppDelegate.swift in Sources */,
			);
			runOnlyForDeploymentPostprocessing = 0;
		};
		3789FF9F2632791E00D9F85B /* Sources */ = {
			isa = PBXSourcesBuildPhase;
			buildActionMask = 2147483647;
			files = (
				3789FFA82632791E00D9F85B /* Mesh2DTests.swift in Sources */,
			);
			runOnlyForDeploymentPostprocessing = 0;
		};
		3789FFAA2632791E00D9F85B /* Sources */ = {
			isa = PBXSourcesBuildPhase;
			buildActionMask = 2147483647;
			files = (
				3789FFB32632791E00D9F85B /* Mesh2DUITests.swift in Sources */,
			);
			runOnlyForDeploymentPostprocessing = 0;
		};
/* End PBXSourcesBuildPhase section */

/* Begin PBXTargetDependency section */
		3789FFA52632791E00D9F85B /* PBXTargetDependency */ = {
			isa = PBXTargetDependency;
			target = 3789FF902632791B00D9F85B /* 3.3.Mesh2D */;
			targetProxy = 3789FFA42632791E00D9F85B /* PBXContainerItemProxy */;
		};
		3789FFB02632791E00D9F85B /* PBXTargetDependency */ = {
			isa = PBXTargetDependency;
			target = 3789FF902632791B00D9F85B /* 3.3.Mesh2D */;
			targetProxy = 3789FFAF2632791E00D9F85B /* PBXContainerItemProxy */;
		};
/* End PBXTargetDependency section */

/* Begin PBXVariantGroup section */
		3789FF9A2632791E00D9F85B /* Main.storyboard */ = {
			isa = PBXVariantGroup;
			children = (
				3789FF9B2632791E00D9F85B /* Base */,
			);
			name = Main.storyboard;
			sourceTree = "<group>";
		};
/* End PBXVariantGroup section */

/* Begin XCBuildConfiguration section */
		3789FFB52632791E00D9F85B /* Debug */ = {
			isa = XCBuildConfiguration;
			buildSettings = {
				ALWAYS_SEARCH_USER_PATHS = NO;
				CLANG_ANALYZER_NONNULL = YES;
				CLANG_ANALYZER_NUMBER_OBJECT_CONVERSION = YES_AGGRESSIVE;
				CLANG_CXX_LANGUAGE_STANDARD = "gnu++14";
				CLANG_CXX_LIBRARY = "libc++";
				CLANG_ENABLE_MODULES = YES;
				CLANG_ENABLE_OBJC_ARC = YES;
				CLANG_ENABLE_OBJC_WEAK = YES;
				CLANG_WARN_BLOCK_CAPTURE_AUTORELEASING = YES;
				CLANG_WARN_BOOL_CONVERSION = YES;
				CLANG_WARN_COMMA = YES;
				CLANG_WARN_CONSTANT_CONVERSION = YES;
				CLANG_WARN_DEPRECATED_OBJC_IMPLEMENTATIONS = YES;
				CLANG_WARN_DIRECT_OBJC_ISA_USAGE = YES_ERROR;
				CLANG_WARN_DOCUMENTATION_COMMENTS = YES;
				CLANG_WARN_EMPTY_BODY = YES;
				CLANG_WARN_ENUM_CONVERSION = YES;
				CLANG_WARN_INFINITE_RECURSION = YES;
				CLANG_WARN_INT_CONVERSION = YES;
				CLANG_WARN_NON_LITERAL_NULL_CONVERSION = YES;
				CLANG_WARN_OBJC_IMPLICIT_RETAIN_SELF = YES;
				CLANG_WARN_OBJC_LITERAL_CONVERSION = YES;
				CLANG_WARN_OBJC_ROOT_CLASS = YES_ERROR;
				CLANG_WARN_QUOTED_INCLUDE_IN_FRAMEWORK_HEADER = YES;
				CLANG_WARN_RANGE_LOOP_ANALYSIS = YES;
				CLANG_WARN_STRICT_PROTOTYPES = YES;
				CLANG_WARN_SUSPICIOUS_MOVE = YES;
				CLANG_WARN_UNGUARDED_AVAILABILITY = YES_AGGRESSIVE;
				CLANG_WARN_UNREACHABLE_CODE = YES;
				CLANG_WARN__DUPLICATE_METHOD_MATCH = YES;
				COPY_PHASE_STRIP = NO;
				DEBUG_INFORMATION_FORMAT = dwarf;
				ENABLE_STRICT_OBJC_MSGSEND = YES;
				ENABLE_TESTABILITY = YES;
				GCC_C_LANGUAGE_STANDARD = gnu11;
				GCC_DYNAMIC_NO_PIC = NO;
				GCC_NO_COMMON_BLOCKS = YES;
				GCC_OPTIMIZATION_LEVEL = 0;
				GCC_PREPROCESSOR_DEFINITIONS = (
					"DEBUG=1",
					"$(inherited)",
				);
				GCC_WARN_64_TO_32_BIT_CONVERSION = YES;
				GCC_WARN_ABOUT_RETURN_TYPE = YES_ERROR;
				GCC_WARN_UNDECLARED_SELECTOR = YES;
				GCC_WARN_UNINITIALIZED_AUTOS = YES_AGGRESSIVE;
				GCC_WARN_UNUSED_FUNCTION = YES;
				GCC_WARN_UNUSED_VARIABLE = YES;
				MACOSX_DEPLOYMENT_TARGET = 11.1;
				MTL_ENABLE_DEBUG_INFO = INCLUDE_SOURCE;
				MTL_FAST_MATH = YES;
				ONLY_ACTIVE_ARCH = YES;
				SDKROOT = macosx;
				SWIFT_ACTIVE_COMPILATION_CONDITIONS = DEBUG;
				SWIFT_OPTIMIZATION_LEVEL = "-Onone";
			};
			name = Debug;
		};
		3789FFB62632791E00D9F85B /* Release */ = {
			isa = XCBuildConfiguration;
			buildSettings = {
				ALWAYS_SEARCH_USER_PATHS = NO;
				CLANG_ANALYZER_NONNULL = YES;
				CLANG_ANALYZER_NUMBER_OBJECT_CONVERSION = YES_AGGRESSIVE;
				CLANG_CXX_LANGUAGE_STANDARD = "gnu++14";
				CLANG_CXX_LIBRARY = "libc++";
				CLANG_ENABLE_MODULES = YES;
				CLANG_ENABLE_OBJC_ARC = YES;
				CLANG_ENABLE_OBJC_WEAK = YES;
				CLANG_WARN_BLOCK_CAPTURE_AUTORELEASING = YES;
				CLANG_WARN_BOOL_CONVERSION = YES;
				CLANG_WARN_COMMA = YES;
				CLANG_WARN_CONSTANT_CONVERSION = YES;
				CLANG_WARN_DEPRECATED_OBJC_IMPLEMENTATIONS = YES;
				CLANG_WARN_DIRECT_OBJC_ISA_USAGE = YES_ERROR;
				CLANG_WARN_DOCUMENTATION_COMMENTS = YES;
				CLANG_WARN_EMPTY_BODY = YES;
				CLANG_WARN_ENUM_CONVERSION = YES;
				CLANG_WARN_INFINITE_RECURSION = YES;
				CLANG_WARN_INT_CONVERSION = YES;
				CLANG_WARN_NON_LITERAL_NULL_CONVERSION = YES;
				CLANG_WARN_OBJC_IMPLICIT_RETAIN_SELF = YES;
				CLANG_WARN_OBJC_LITERAL_CONVERSION = YES;
				CLANG_WARN_OBJC_ROOT_CLASS = YES_ERROR;
				CLANG_WARN_QUOTED_INCLUDE_IN_FRAMEWORK_HEADER = YES;
				CLANG_WARN_RANGE_LOOP_ANALYSIS = YES;
				CLANG_WARN_STRICT_PROTOTYPES = YES;
				CLANG_WARN_SUSPICIOUS_MOVE = YES;
				CLANG_WARN_UNGUARDED_AVAILABILITY = YES_AGGRESSIVE;
				CLANG_WARN_UNREACHABLE_CODE = YES;
				CLANG_WARN__DUPLICATE_METHOD_MATCH = YES;
				COPY_PHASE_STRIP = NO;
				DEBUG_INFORMATION_FORMAT = "dwarf-with-dsym";
				ENABLE_NS_ASSERTIONS = NO;
				ENABLE_STRICT_OBJC_MSGSEND = YES;
				GCC_C_LANGUAGE_STANDARD = gnu11;
				GCC_NO_COMMON_BLOCKS = YES;
				GCC_WARN_64_TO_32_BIT_CONVERSION = YES;
				GCC_WARN_ABOUT_RETURN_TYPE = YES_ERROR;
				GCC_WARN_UNDECLARED_SELECTOR = YES;
				GCC_WARN_UNINITIALIZED_AUTOS = YES_AGGRESSIVE;
				GCC_WARN_UNUSED_FUNCTION = YES;
				GCC_WARN_UNUSED_VARIABLE = YES;
				MACOSX_DEPLOYMENT_TARGET = 11.1;
				MTL_ENABLE_DEBUG_INFO = NO;
				MTL_FAST_MATH = YES;
				SDKROOT = macosx;
				SWIFT_COMPILATION_MODE = wholemodule;
				SWIFT_OPTIMIZATION_LEVEL = "-O";
			};
			name = Release;
		};
		3789FFB82632791E00D9F85B /* Debug */ = {
			isa = XCBuildConfiguration;
			buildSettings = {
				ASSETCATALOG_COMPILER_APPICON_NAME = AppIcon;
				ASSETCATALOG_COMPILER_GLOBAL_ACCENT_COLOR_NAME = AccentColor;
				CLANG_ENABLE_MODULES = YES;
				CODE_SIGN_ENTITLEMENTS = Mesh2D/Mesh2D.entitlements;
				CODE_SIGN_STYLE = Automatic;
				COMBINE_HIDPI_IMAGES = YES;
				DEVELOPMENT_TEAM = 4X75RZ9C85;
				ENABLE_HARDENED_RUNTIME = YES;
				INFOPLIST_FILE = Mesh2D/Info.plist;
				LD_RUNPATH_SEARCH_PATHS = (
					"$(inherited)",
					"@executable_path/../Frameworks",
				);
				PRODUCT_BUNDLE_IDENTIFIER = io.github.suzp1984.Mesh2D;
				PRODUCT_NAME = "$(TARGET_NAME)";
				SWIFT_OBJC_BRIDGING_HEADER = "Mesh2D/Mesh2D-Bridging-Header.h";
				SWIFT_OPTIMIZATION_LEVEL = "-Onone";
				SWIFT_VERSION = 5.0;
			};
			name = Debug;
		};
		3789FFB92632791E00D9F85B /* Release */ = {
			isa = XCBuildConfiguration;
			buildSettings = {
				ASSETCATALOG_COMPILER_APPICON_NAME = AppIcon;
				ASSETCATALOG_COMPILER_GLOBAL_ACCENT_COLOR_NAME = AccentColor;
				CLANG_ENABLE_MODULES = YES;
				CODE_SIGN_ENTITLEMENTS = Mesh2D/Mesh2D.entitlements;
				CODE_SIGN_STYLE = Automatic;
				COMBINE_HIDPI_IMAGES = YES;
				DEVELOPMENT_TEAM = 4X75RZ9C85;
				ENABLE_HARDENED_RUNTIME = YES;
				INFOPLIST_FILE = Mesh2D/Info.plist;
				LD_RUNPATH_SEARCH_PATHS = (
					"$(inherited)",
					"@executable_path/../Frameworks",
				);
				PRODUCT_BUNDLE_IDENTIFIER = io.github.suzp1984.Mesh2D;
				PRODUCT_NAME = "$(TARGET_NAME)";
				SWIFT_OBJC_BRIDGING_HEADER = "Mesh2D/Mesh2D-Bridging-Header.h";
				SWIFT_VERSION = 5.0;
			};
			name = Release;
		};
		3789FFBB2632791E00D9F85B /* Debug */ = {
			isa = XCBuildConfiguration;
			buildSettings = {
				ALWAYS_EMBED_SWIFT_STANDARD_LIBRARIES = YES;
				BUNDLE_LOADER = "$(TEST_HOST)";
				CODE_SIGN_STYLE = Automatic;
				COMBINE_HIDPI_IMAGES = YES;
				DEVELOPMENT_TEAM = 4X75RZ9C85;
				INFOPLIST_FILE = Mesh2DTests/Info.plist;
				LD_RUNPATH_SEARCH_PATHS = (
					"$(inherited)",
					"@executable_path/../Frameworks",
					"@loader_path/../Frameworks",
				);
				MACOSX_DEPLOYMENT_TARGET = 11.1;
				PRODUCT_BUNDLE_IDENTIFIER = io.github.suzp1984.Mesh2DTests;
				PRODUCT_NAME = "$(TARGET_NAME)";
				SWIFT_VERSION = 5.0;
				TEST_HOST = "$(BUILT_PRODUCTS_DIR)/Mesh2D.app/Contents/MacOS/Mesh2D";
			};
			name = Debug;
		};
		3789FFBC2632791E00D9F85B /* Release */ = {
			isa = XCBuildConfiguration;
			buildSettings = {
				ALWAYS_EMBED_SWIFT_STANDARD_LIBRARIES = YES;
				BUNDLE_LOADER = "$(TEST_HOST)";
				CODE_SIGN_STYLE = Automatic;
				COMBINE_HIDPI_IMAGES = YES;
				DEVELOPMENT_TEAM = 4X75RZ9C85;
				INFOPLIST_FILE = Mesh2DTests/Info.plist;
				LD_RUNPATH_SEARCH_PATHS = (
					"$(inherited)",
					"@executable_path/../Frameworks",
					"@loader_path/../Frameworks",
				);
				MACOSX_DEPLOYMENT_TARGET = 11.1;
				PRODUCT_BUNDLE_IDENTIFIER = io.github.suzp1984.Mesh2DTests;
				PRODUCT_NAME = "$(TARGET_NAME)";
				SWIFT_VERSION = 5.0;
				TEST_HOST = "$(BUILT_PRODUCTS_DIR)/Mesh2D.app/Contents/MacOS/Mesh2D";
			};
			name = Release;
		};
		3789FFBE2632791E00D9F85B /* Debug */ = {
			isa = XCBuildConfiguration;
			buildSettings = {
				ALWAYS_EMBED_SWIFT_STANDARD_LIBRARIES = YES;
				CODE_SIGN_STYLE = Automatic;
				COMBINE_HIDPI_IMAGES = YES;
				DEVELOPMENT_TEAM = 4X75RZ9C85;
				INFOPLIST_FILE = Mesh2DUITests/Info.plist;
				LD_RUNPATH_SEARCH_PATHS = (
					"$(inherited)",
					"@executable_path/../Frameworks",
					"@loader_path/../Frameworks",
				);
				PRODUCT_BUNDLE_IDENTIFIER = io.github.suzp1984.Mesh2DUITests;
				PRODUCT_NAME = "$(TARGET_NAME)";
				SWIFT_VERSION = 5.0;
				TEST_TARGET_NAME = Mesh2D;
			};
			name = Debug;
		};
		3789FFBF2632791E00D9F85B /* Release */ = {
			isa = XCBuildConfiguration;
			buildSettings = {
				ALWAYS_EMBED_SWIFT_STANDARD_LIBRARIES = YES;
				CODE_SIGN_STYLE = Automatic;
				COMBINE_HIDPI_IMAGES = YES;
				DEVELOPMENT_TEAM = 4X75RZ9C85;
				INFOPLIST_FILE = Mesh2DUITests/Info.plist;
				LD_RUNPATH_SEARCH_PATHS = (
					"$(inherited)",
					"@executable_path/../Frameworks",
					"@loader_path/../Frameworks",
				);
				PRODUCT_BUNDLE_IDENTIFIER = io.github.suzp1984.Mesh2DUITests;
				PRODUCT_NAME = "$(TARGET_NAME)";
				SWIFT_VERSION = 5.0;
				TEST_TARGET_NAME = Mesh2D;
			};
			name = Release;
		};
/* End XCBuildConfiguration section */

/* Begin XCConfigurationList section */
		3789FF8C2632791B00D9F85B /* Build configuration list for PBXProject "3.3.Mesh2D" */ = {
			isa = XCConfigurationList;
			buildConfigurations = (
				3789FFB52632791E00D9F85B /* Debug */,
				3789FFB62632791E00D9F85B /* Release */,
			);
			defaultConfigurationIsVisible = 0;
			defaultConfigurationName = Release;
		};
		3789FFB72632791E00D9F85B /* Build configuration list for PBXNativeTarget "3.3.Mesh2D" */ = {
			isa = XCConfigurationList;
			buildConfigurations = (
				3789FFB82632791E00D9F85B /* Debug */,
				3789FFB92632791E00D9F85B /* Release */,
			);
			defaultConfigurationIsVisible = 0;
			defaultConfigurationName = Release;
		};
		3789FFBA2632791E00D9F85B /* Build configuration list for PBXNativeTarget "Mesh2DTests" */ = {
			isa = XCConfigurationList;
			buildConfigurations = (
				3789FFBB2632791E00D9F85B /* Debug */,
				3789FFBC2632791E00D9F85B /* Release */,
			);
			defaultConfigurationIsVisible = 0;
			defaultConfigurationName = Release;
		};
		3789FFBD2632791E00D9F85B /* Build configuration list for PBXNativeTarget "Mesh2DUITests" */ = {
			isa = XCConfigurationList;
			buildConfigurations = (
				3789FFBE2632791E00D9F85B /* Debug */,
				3789FFBF2632791E00D9F85B /* Release */,
			);
			defaultConfigurationIsVisible = 0;
			defaultConfigurationName = Release;
		};
/* End XCConfigurationList section */
	};
	rootObject = 3789FF892632791B00D9F85B /* Project object */;
}
